// !$*UTF8*$!
{
	archiveVersion = 1;
	classes = {
	};
	objectVersion = 46;
	objects = {

/* Begin PBXBuildFile section */
		008F562A18213D70009863AA /* ortc_ortc.cpp in Sources */ = {isa = PBXBuildFile; fileRef = 008F562818213D70009863AA /* ortc_ortc.cpp */; };
		E2260E5818215A020084E4A4 /* ortc_RTCConnection.h in Headers */ = {isa = PBXBuildFile; fileRef = E2260E5618215A020084E4A4 /* ortc_RTCConnection.h */; };
		E2260E5C18215A190084E4A4 /* ortc_RTCTrack.h in Headers */ = {isa = PBXBuildFile; fileRef = E2260E5A18215A190084E4A4 /* ortc_RTCTrack.h */; };
		E2260E5F18215A910084E4A4 /* IRTCConnection.h in Headers */ = {isa = PBXBuildFile; fileRef = E2260E5D18215A910084E4A4 /* IRTCConnection.h */; };
		E2260E6018215A910084E4A4 /* IRTCTrack.h in Headers */ = {isa = PBXBuildFile; fileRef = E2260E5E18215A910084E4A4 /* IRTCTrack.h */; };
		E2260E6318215AAF0084E4A4 /* ortc_RTCConnection.cpp in Sources */ = {isa = PBXBuildFile; fileRef = E2260E6118215AAF0084E4A4 /* ortc_RTCConnection.cpp */; };
		E2260E6418215AAF0084E4A4 /* ortc_RTCTrack.cpp in Sources */ = {isa = PBXBuildFile; fileRef = E2260E6218215AAF0084E4A4 /* ortc_RTCTrack.cpp */; };
		E22F74F218401BF1008F502E /* ortc_MediaEngine.cpp in Sources */ = {isa = PBXBuildFile; fileRef = E277059F18370265008AC118 /* ortc_MediaEngine.cpp */; };
		E23EBC5C1834180700C7332E /* IMediaManager.h in Headers */ = {isa = PBXBuildFile; fileRef = E23EBC591834180700C7332E /* IMediaManager.h */; };
		E23EBC5D1834180700C7332E /* IMediaStream.h in Headers */ = {isa = PBXBuildFile; fileRef = E23EBC5A1834180700C7332E /* IMediaStream.h */; };
		E23EBC5E1834180700C7332E /* IMediaStreamTrack.h in Headers */ = {isa = PBXBuildFile; fileRef = E23EBC5B1834180700C7332E /* IMediaStreamTrack.h */; };
		E23EBC621834181C00C7332E /* ortc_MediaManager.cpp in Sources */ = {isa = PBXBuildFile; fileRef = E23EBC5F1834181C00C7332E /* ortc_MediaManager.cpp */; };
		E23EBC631834181C00C7332E /* ortc_MediaStream.cpp in Sources */ = {isa = PBXBuildFile; fileRef = E23EBC601834181C00C7332E /* ortc_MediaStream.cpp */; };
		E23EBC641834181C00C7332E /* ortc_MediaStreamTrack.cpp in Sources */ = {isa = PBXBuildFile; fileRef = E23EBC611834181C00C7332E /* ortc_MediaStreamTrack.cpp */; };
		E23EBC681834183500C7332E /* ortc_MediaManager.h in Headers */ = {isa = PBXBuildFile; fileRef = E23EBC651834183500C7332E /* ortc_MediaManager.h */; };
		E23EBC691834183500C7332E /* ortc_MediaStream.h in Headers */ = {isa = PBXBuildFile; fileRef = E23EBC661834183500C7332E /* ortc_MediaStream.h */; };
		E23EBC6A1834183500C7332E /* ortc_MediaStreamTrack.h in Headers */ = {isa = PBXBuildFile; fileRef = E23EBC671834183500C7332E /* ortc_MediaStreamTrack.h */; };
		E277059E18370255008AC118 /* ortc_MediaEngine.h in Headers */ = {isa = PBXBuildFile; fileRef = E277059D18370255008AC118 /* ortc_MediaEngine.h */; };
		E2D04943182C377B00343A95 /* ortc_RTCDataChannel.cpp in Sources */ = {isa = PBXBuildFile; fileRef = E2D0493F182C377B00343A95 /* ortc_RTCDataChannel.cpp */; };
		E2D04944182C377B00343A95 /* ortc_RTCDTMFTrack.cpp in Sources */ = {isa = PBXBuildFile; fileRef = E2D04940182C377B00343A95 /* ortc_RTCDTMFTrack.cpp */; };
		E2D04945182C377B00343A95 /* ortc_RTCSocket.cpp in Sources */ = {isa = PBXBuildFile; fileRef = E2D04941182C377B00343A95 /* ortc_RTCSocket.cpp */; };
		E2D04946182C377B00343A95 /* ortc_RTCStream.cpp in Sources */ = {isa = PBXBuildFile; fileRef = E2D04942182C377B00343A95 /* ortc_RTCStream.cpp */; };
		E2D0494B182C37A600343A95 /* ortc_RTCDataChannel.h in Headers */ = {isa = PBXBuildFile; fileRef = E2D04947182C37A600343A95 /* ortc_RTCDataChannel.h */; };
		E2D0494C182C37A600343A95 /* ortc_RTCDTMFTrack.h in Headers */ = {isa = PBXBuildFile; fileRef = E2D04948182C37A600343A95 /* ortc_RTCDTMFTrack.h */; };
		E2D0494D182C37A600343A95 /* ortc_RTCSocket.h in Headers */ = {isa = PBXBuildFile; fileRef = E2D04949182C37A600343A95 /* ortc_RTCSocket.h */; };
		E2D0494E182C37A600343A95 /* ortc_RTCStream.h in Headers */ = {isa = PBXBuildFile; fileRef = E2D0494A182C37A600343A95 /* ortc_RTCStream.h */; };
		E2D04953182C37DD00343A95 /* IRTCDataChannel.h in Headers */ = {isa = PBXBuildFile; fileRef = E2D0494F182C37DD00343A95 /* IRTCDataChannel.h */; };
		E2D04954182C37DD00343A95 /* IRTCDTMFTrack.h in Headers */ = {isa = PBXBuildFile; fileRef = E2D04950182C37DD00343A95 /* IRTCDTMFTrack.h */; };
		E2D04955182C37DD00343A95 /* IRTCSocket.h in Headers */ = {isa = PBXBuildFile; fileRef = E2D04951182C37DD00343A95 /* IRTCSocket.h */; };
		E2D04956182C37DD00343A95 /* IRTCStream.h in Headers */ = {isa = PBXBuildFile; fileRef = E2D04952182C37DD00343A95 /* IRTCStream.h */; };
/* End PBXBuildFile section */

/* Begin PBXFileReference section */
		008F56041821367E009863AA /* libortclib.a */ = {isa = PBXFileReference; explicitFileType = archive.ar; includeInIndex = 0; path = libortclib.a; sourceTree = BUILT_PRODUCTS_DIR; };
		008F5625182137DE009863AA /* types.h */ = {isa = PBXFileReference; lastKnownFileType = sourcecode.c.h; path = types.h; sourceTree = "<group>"; };
		008F562618213862009863AA /* ortc.h */ = {isa = PBXFileReference; lastKnownFileType = sourcecode.c.h; path = ortc.h; sourceTree = "<group>"; };
		008F562718213D27009863AA /* types.h */ = {isa = PBXFileReference; lastKnownFileType = sourcecode.c.h; path = types.h; sourceTree = "<group>"; };
		008F562818213D70009863AA /* ortc_ortc.cpp */ = {isa = PBXFileReference; fileEncoding = 4; lastKnownFileType = sourcecode.cpp.cpp; path = ortc_ortc.cpp; sourceTree = "<group>"; };
		008F562C18213DB3009863AA /* ortc.h */ = {isa = PBXFileReference; lastKnownFileType = sourcecode.c.h; path = ortc.h; sourceTree = "<group>"; };
		00EAF8D9182B054C00B8E2CE /* license.txt */ = {isa = PBXFileReference; lastKnownFileType = text; name = license.txt; path = ../../../license.txt; sourceTree = "<group>"; };
		E2260E5618215A020084E4A4 /* ortc_RTCConnection.h */ = {isa = PBXFileReference; fileEncoding = 4; lastKnownFileType = sourcecode.c.h; path = ortc_RTCConnection.h; sourceTree = "<group>"; };
		E2260E5A18215A190084E4A4 /* ortc_RTCTrack.h */ = {isa = PBXFileReference; fileEncoding = 4; lastKnownFileType = sourcecode.c.h; path = ortc_RTCTrack.h; sourceTree = "<group>"; };
		E2260E5D18215A910084E4A4 /* IRTCConnection.h */ = {isa = PBXFileReference; fileEncoding = 4; lastKnownFileType = sourcecode.c.h; path = IRTCConnection.h; sourceTree = "<group>"; };
		E2260E5E18215A910084E4A4 /* IRTCTrack.h */ = {isa = PBXFileReference; fileEncoding = 4; lastKnownFileType = sourcecode.c.h; path = IRTCTrack.h; sourceTree = "<group>"; };
		E2260E6118215AAF0084E4A4 /* ortc_RTCConnection.cpp */ = {isa = PBXFileReference; fileEncoding = 4; lastKnownFileType = sourcecode.cpp.cpp; path = ortc_RTCConnection.cpp; sourceTree = "<group>"; };
		E2260E6218215AAF0084E4A4 /* ortc_RTCTrack.cpp */ = {isa = PBXFileReference; fileEncoding = 4; lastKnownFileType = sourcecode.cpp.cpp; path = ortc_RTCTrack.cpp; sourceTree = "<group>"; };
		E23EBC591834180700C7332E /* IMediaManager.h */ = {isa = PBXFileReference; fileEncoding = 4; lastKnownFileType = sourcecode.c.h; path = IMediaManager.h; sourceTree = "<group>"; };
		E23EBC5A1834180700C7332E /* IMediaStream.h */ = {isa = PBXFileReference; fileEncoding = 4; lastKnownFileType = sourcecode.c.h; path = IMediaStream.h; sourceTree = "<group>"; };
		E23EBC5B1834180700C7332E /* IMediaStreamTrack.h */ = {isa = PBXFileReference; fileEncoding = 4; lastKnownFileType = sourcecode.c.h; path = IMediaStreamTrack.h; sourceTree = "<group>"; };
		E23EBC5F1834181C00C7332E /* ortc_MediaManager.cpp */ = {isa = PBXFileReference; fileEncoding = 4; lastKnownFileType = sourcecode.cpp.cpp; path = ortc_MediaManager.cpp; sourceTree = "<group>"; };
		E23EBC601834181C00C7332E /* ortc_MediaStream.cpp */ = {isa = PBXFileReference; fileEncoding = 4; lastKnownFileType = sourcecode.cpp.cpp; path = ortc_MediaStream.cpp; sourceTree = "<group>"; };
		E23EBC611834181C00C7332E /* ortc_MediaStreamTrack.cpp */ = {isa = PBXFileReference; fileEncoding = 4; lastKnownFileType = sourcecode.cpp.cpp; path = ortc_MediaStreamTrack.cpp; sourceTree = "<group>"; };
		E23EBC651834183500C7332E /* ortc_MediaManager.h */ = {isa = PBXFileReference; fileEncoding = 4; lastKnownFileType = sourcecode.c.h; path = ortc_MediaManager.h; sourceTree = "<group>"; };
		E23EBC661834183500C7332E /* ortc_MediaStream.h */ = {isa = PBXFileReference; fileEncoding = 4; lastKnownFileType = sourcecode.c.h; path = ortc_MediaStream.h; sourceTree = "<group>"; };
		E23EBC671834183500C7332E /* ortc_MediaStreamTrack.h */ = {isa = PBXFileReference; fileEncoding = 4; lastKnownFileType = sourcecode.c.h; path = ortc_MediaStreamTrack.h; sourceTree = "<group>"; };
		E277059D18370255008AC118 /* ortc_MediaEngine.h */ = {isa = PBXFileReference; fileEncoding = 4; lastKnownFileType = sourcecode.c.h; path = ortc_MediaEngine.h; sourceTree = "<group>"; };
		E277059F18370265008AC118 /* ortc_MediaEngine.cpp */ = {isa = PBXFileReference; lastKnownFileType = sourcecode.cpp.cpp; path = ortc_MediaEngine.cpp; sourceTree = "<group>"; };
		E2D0493F182C377B00343A95 /* ortc_RTCDataChannel.cpp */ = {isa = PBXFileReference; fileEncoding = 4; lastKnownFileType = sourcecode.cpp.cpp; path = ortc_RTCDataChannel.cpp; sourceTree = "<group>"; };
		E2D04940182C377B00343A95 /* ortc_RTCDTMFTrack.cpp */ = {isa = PBXFileReference; fileEncoding = 4; lastKnownFileType = sourcecode.cpp.cpp; path = ortc_RTCDTMFTrack.cpp; sourceTree = "<group>"; };
		E2D04941182C377B00343A95 /* ortc_RTCSocket.cpp */ = {isa = PBXFileReference; fileEncoding = 4; lastKnownFileType = sourcecode.cpp.cpp; path = ortc_RTCSocket.cpp; sourceTree = "<group>"; };
		E2D04942182C377B00343A95 /* ortc_RTCStream.cpp */ = {isa = PBXFileReference; fileEncoding = 4; lastKnownFileType = sourcecode.cpp.cpp; path = ortc_RTCStream.cpp; sourceTree = "<group>"; };
		E2D04947182C37A600343A95 /* ortc_RTCDataChannel.h */ = {isa = PBXFileReference; fileEncoding = 4; lastKnownFileType = sourcecode.c.h; path = ortc_RTCDataChannel.h; sourceTree = "<group>"; };
		E2D04948182C37A600343A95 /* ortc_RTCDTMFTrack.h */ = {isa = PBXFileReference; fileEncoding = 4; lastKnownFileType = sourcecode.c.h; path = ortc_RTCDTMFTrack.h; sourceTree = "<group>"; };
		E2D04949182C37A600343A95 /* ortc_RTCSocket.h */ = {isa = PBXFileReference; fileEncoding = 4; lastKnownFileType = sourcecode.c.h; path = ortc_RTCSocket.h; sourceTree = "<group>"; };
		E2D0494A182C37A600343A95 /* ortc_RTCStream.h */ = {isa = PBXFileReference; fileEncoding = 4; lastKnownFileType = sourcecode.c.h; path = ortc_RTCStream.h; sourceTree = "<group>"; };
		E2D0494F182C37DD00343A95 /* IRTCDataChannel.h */ = {isa = PBXFileReference; fileEncoding = 4; lastKnownFileType = sourcecode.c.h; path = IRTCDataChannel.h; sourceTree = "<group>"; };
		E2D04950182C37DD00343A95 /* IRTCDTMFTrack.h */ = {isa = PBXFileReference; fileEncoding = 4; lastKnownFileType = sourcecode.c.h; path = IRTCDTMFTrack.h; sourceTree = "<group>"; };
		E2D04951182C37DD00343A95 /* IRTCSocket.h */ = {isa = PBXFileReference; fileEncoding = 4; lastKnownFileType = sourcecode.c.h; path = IRTCSocket.h; sourceTree = "<group>"; };
		E2D04952182C37DD00343A95 /* IRTCStream.h */ = {isa = PBXFileReference; fileEncoding = 4; lastKnownFileType = sourcecode.c.h; path = IRTCStream.h; sourceTree = "<group>"; };
/* End PBXFileReference section */

/* Begin PBXFrameworksBuildPhase section */
		008F56011821367E009863AA /* Frameworks */ = {
			isa = PBXFrameworksBuildPhase;
			buildActionMask = 2147483647;
			files = (
			);
			runOnlyForDeploymentPostprocessing = 0;
		};
/* End PBXFrameworksBuildPhase section */

/* Begin PBXGroup section */
		008F55FB1821367E009863AA = {
			isa = PBXGroup;
			children = (
				008F5620182136D2009863AA /* ortc */,
				008F56051821367E009863AA /* Products */,
				00EAF8D9182B054C00B8E2CE /* license.txt */,
			);
			sourceTree = "<group>";
		};
		008F56051821367E009863AA /* Products */ = {
			isa = PBXGroup;
			children = (
				008F56041821367E009863AA /* libortclib.a */,
			);
			name = Products;
			sourceTree = "<group>";
		};
		008F5620182136D2009863AA /* ortc */ = {
			isa = PBXGroup;
			children = (
				008F562118213754009863AA /* cpp */,
				008F56221821375E009863AA /* internal */,
				008F5625182137DE009863AA /* types.h */,
				008F562618213862009863AA /* ortc.h */,
				E2260E5D18215A910084E4A4 /* IRTCConnection.h */,
				E2D04951182C37DD00343A95 /* IRTCSocket.h */,
				E2D04952182C37DD00343A95 /* IRTCStream.h */,
				E2260E5E18215A910084E4A4 /* IRTCTrack.h */,
				E2D04950182C37DD00343A95 /* IRTCDTMFTrack.h */,
				E2D0494F182C37DD00343A95 /* IRTCDataChannel.h */,
				E23EBC591834180700C7332E /* IMediaManager.h */,
				E23EBC5A1834180700C7332E /* IMediaStream.h */,
				E23EBC5B1834180700C7332E /* IMediaStreamTrack.h */,
			);
			name = ortc;
			path = ../../../ortc;
			sourceTree = SOURCE_ROOT;
		};
		008F562118213754009863AA /* cpp */ = {
			isa = PBXGroup;
			children = (
				008F562818213D70009863AA /* ortc_ortc.cpp */,
				E2260E6118215AAF0084E4A4 /* ortc_RTCConnection.cpp */,
				E2D04941182C377B00343A95 /* ortc_RTCSocket.cpp */,
				E2D04942182C377B00343A95 /* ortc_RTCStream.cpp */,
				E2260E6218215AAF0084E4A4 /* ortc_RTCTrack.cpp */,
				E2D04940182C377B00343A95 /* ortc_RTCDTMFTrack.cpp */,
				E2D0493F182C377B00343A95 /* ortc_RTCDataChannel.cpp */,
				E23EBC5F1834181C00C7332E /* ortc_MediaManager.cpp */,
				E23EBC601834181C00C7332E /* ortc_MediaStream.cpp */,
				E23EBC611834181C00C7332E /* ortc_MediaStreamTrack.cpp */,
				E277059F18370265008AC118 /* ortc_MediaEngine.cpp */,
			);
			path = cpp;
			sourceTree = "<group>";
		};
		008F56221821375E009863AA /* internal */ = {
			isa = PBXGroup;
			children = (
				008F562718213D27009863AA /* types.h */,
				008F562C18213DB3009863AA /* ortc.h */,
				E2260E5618215A020084E4A4 /* ortc_RTCConnection.h */,
				E2D04949182C37A600343A95 /* ortc_RTCSocket.h */,
				E2D0494A182C37A600343A95 /* ortc_RTCStream.h */,
				E2260E5A18215A190084E4A4 /* ortc_RTCTrack.h */,
				E2D04948182C37A600343A95 /* ortc_RTCDTMFTrack.h */,
				E2D04947182C37A600343A95 /* ortc_RTCDataChannel.h */,
				E23EBC651834183500C7332E /* ortc_MediaManager.h */,
				E23EBC661834183500C7332E /* ortc_MediaStream.h */,
				E23EBC671834183500C7332E /* ortc_MediaStreamTrack.h */,
				E277059D18370255008AC118 /* ortc_MediaEngine.h */,
			);
			path = internal;
			sourceTree = "<group>";
		};
/* End PBXGroup section */

/* Begin PBXHeadersBuildPhase section */
		008F56021821367E009863AA /* Headers */ = {
			isa = PBXHeadersBuildPhase;
			buildActionMask = 2147483647;
			files = (
				E2260E6018215A910084E4A4 /* IRTCTrack.h in Headers */,
				E2D04955182C37DD00343A95 /* IRTCSocket.h in Headers */,
				E277059E18370255008AC118 /* ortc_MediaEngine.h in Headers */,
				E2D04954182C37DD00343A95 /* IRTCDTMFTrack.h in Headers */,
				E2D0494D182C37A600343A95 /* ortc_RTCSocket.h in Headers */,
				E2D04956182C37DD00343A95 /* IRTCStream.h in Headers */,
				E2D0494E182C37A600343A95 /* ortc_RTCStream.h in Headers */,
				E23EBC5E1834180700C7332E /* IMediaStreamTrack.h in Headers */,
				E2260E5F18215A910084E4A4 /* IRTCConnection.h in Headers */,
				E2260E5C18215A190084E4A4 /* ortc_RTCTrack.h in Headers */,
				E2260E5818215A020084E4A4 /* ortc_RTCConnection.h in Headers */,
				E2D0494B182C37A600343A95 /* ortc_RTCDataChannel.h in Headers */,
				E23EBC681834183500C7332E /* ortc_MediaManager.h in Headers */,
				E2D04953182C37DD00343A95 /* IRTCDataChannel.h in Headers */,
				E23EBC691834183500C7332E /* ortc_MediaStream.h in Headers */,
				E2D0494C182C37A600343A95 /* ortc_RTCDTMFTrack.h in Headers */,
				E23EBC6A1834183500C7332E /* ortc_MediaStreamTrack.h in Headers */,
				E23EBC5C1834180700C7332E /* IMediaManager.h in Headers */,
				E23EBC5D1834180700C7332E /* IMediaStream.h in Headers */,
			);
			runOnlyForDeploymentPostprocessing = 0;
		};
/* End PBXHeadersBuildPhase section */

/* Begin PBXNativeTarget section */
		008F56031821367E009863AA /* ortclib */ = {
			isa = PBXNativeTarget;
			buildConfigurationList = 008F56081821367E009863AA /* Build configuration list for PBXNativeTarget "ortclib" */;
			buildPhases = (
				008F56001821367E009863AA /* Sources */,
				008F56011821367E009863AA /* Frameworks */,
				008F56021821367E009863AA /* Headers */,
			);
			buildRules = (
			);
			dependencies = (
			);
			name = ortclib;
			productName = ortclib;
			productReference = 008F56041821367E009863AA /* libortclib.a */;
			productType = "com.apple.product-type.library.static";
		};
/* End PBXNativeTarget section */

/* Begin PBXProject section */
		008F55FC1821367E009863AA /* Project object */ = {
			isa = PBXProject;
			attributes = {
				LastUpgradeCheck = 0500;
				ORGANIZATIONNAME = Hookflash;
			};
			buildConfigurationList = 008F55FF1821367E009863AA /* Build configuration list for PBXProject "ortclib" */;
			compatibilityVersion = "Xcode 3.2";
			developmentRegion = English;
			hasScannedForEncodings = 0;
			knownRegions = (
				en,
			);
			mainGroup = 008F55FB1821367E009863AA;
			productRefGroup = 008F56051821367E009863AA /* Products */;
			projectDirPath = "";
			projectRoot = "";
			targets = (
				008F56031821367E009863AA /* ortclib */,
			);
		};
/* End PBXProject section */

/* Begin PBXSourcesBuildPhase section */
		008F56001821367E009863AA /* Sources */ = {
			isa = PBXSourcesBuildPhase;
			buildActionMask = 2147483647;
			files = (
				008F562A18213D70009863AA /* ortc_ortc.cpp in Sources */,
				E2260E6318215AAF0084E4A4 /* ortc_RTCConnection.cpp in Sources */,
				E2D04945182C377B00343A95 /* ortc_RTCSocket.cpp in Sources */,
				E2D04946182C377B00343A95 /* ortc_RTCStream.cpp in Sources */,
				E2260E6418215AAF0084E4A4 /* ortc_RTCTrack.cpp in Sources */,
				E2D04944182C377B00343A95 /* ortc_RTCDTMFTrack.cpp in Sources */,
				E2D04943182C377B00343A95 /* ortc_RTCDataChannel.cpp in Sources */,
				E23EBC621834181C00C7332E /* ortc_MediaManager.cpp in Sources */,
				E23EBC631834181C00C7332E /* ortc_MediaStream.cpp in Sources */,
				E23EBC641834181C00C7332E /* ortc_MediaStreamTrack.cpp in Sources */,
				E22F74F218401BF1008F502E /* ortc_MediaEngine.cpp in Sources */,
			);
			runOnlyForDeploymentPostprocessing = 0;
		};
/* End PBXSourcesBuildPhase section */

/* Begin XCBuildConfiguration section */
		008F56061821367E009863AA /* Debug */ = {
			isa = XCBuildConfiguration;
			buildSettings = {
				ALWAYS_SEARCH_USER_PATHS = NO;
				ARCHS = "$(ARCHS_STANDARD_32_64_BIT)";
				CLANG_ENABLE_OBJC_ARC = YES;
				CLANG_WARN_BOOL_CONVERSION = YES;
				CLANG_WARN_CONSTANT_CONVERSION = YES;
				CLANG_WARN_DIRECT_OBJC_ISA_USAGE = YES_ERROR;
				CLANG_WARN_EMPTY_BODY = YES;
				CLANG_WARN_ENUM_CONVERSION = YES;
				CLANG_WARN_INT_CONVERSION = YES;
				CLANG_WARN_OBJC_ROOT_CLASS = YES_ERROR;
				CLANG_WARN__DUPLICATE_METHOD_MATCH = YES;
				COPY_PHASE_STRIP = NO;
				GCC_C_LANGUAGE_STANDARD = gnu99;
				GCC_DYNAMIC_NO_PIC = NO;
				GCC_ENABLE_OBJC_EXCEPTIONS = YES;
				GCC_OPTIMIZATION_LEVEL = 0;
				GCC_PREPROCESSOR_DEFINITIONS = (
					"DEBUG=1",
					CRYPTOPP_DISABLE_SSE2,
					"$(inherited)",
				);
				GCC_SYMBOLS_PRIVATE_EXTERN = NO;
				GCC_WARN_64_TO_32_BIT_CONVERSION = YES;
				GCC_WARN_ABOUT_RETURN_TYPE = YES_ERROR;
				GCC_WARN_UNDECLARED_SELECTOR = YES;
				GCC_WARN_UNINITIALIZED_AUTOS = YES;
				GCC_WARN_UNUSED_FUNCTION = YES;
				GCC_WARN_UNUSED_VARIABLE = YES;
				HEADER_SEARCH_PATHS = (
					"$(inherited)",
					../../..,
					../../../libs,
					"../../../libs/op-services-cpp",
					../../../libs/zsLib,
					../../../libs/boost/osx/framework/boost.framework/Headers,
					../../../libs/webrtc,
					../../../libs/webrtc/webrtc,
					../../../libs/webrtc/webrtc/voice_engine/include,
					../../../libs/webrtc/webrtc/video_engine/include,
					../../../libs/webrtc/webrtc/modules/video_capture/include,
				);
				MACOSX_DEPLOYMENT_TARGET = 10.8;
				ONLY_ACTIVE_ARCH = YES;
				SDKROOT = macosx;
			};
			name = Debug;
		};
		008F56071821367E009863AA /* Release */ = {
			isa = XCBuildConfiguration;
			buildSettings = {
				ALWAYS_SEARCH_USER_PATHS = NO;
				ARCHS = "$(ARCHS_STANDARD_32_64_BIT)";
				CLANG_ENABLE_OBJC_ARC = YES;
				CLANG_WARN_BOOL_CONVERSION = YES;
				CLANG_WARN_CONSTANT_CONVERSION = YES;
				CLANG_WARN_DIRECT_OBJC_ISA_USAGE = YES_ERROR;
				CLANG_WARN_EMPTY_BODY = YES;
				CLANG_WARN_ENUM_CONVERSION = YES;
				CLANG_WARN_INT_CONVERSION = YES;
				CLANG_WARN_OBJC_ROOT_CLASS = YES_ERROR;
				CLANG_WARN__DUPLICATE_METHOD_MATCH = YES;
				COPY_PHASE_STRIP = YES;
				DEBUG_INFORMATION_FORMAT = "dwarf-with-dsym";
				ENABLE_NS_ASSERTIONS = NO;
				GCC_C_LANGUAGE_STANDARD = gnu99;
				GCC_ENABLE_OBJC_EXCEPTIONS = YES;
				GCC_PREPROCESSOR_DEFINITIONS = (
					"NDEBUG=1",
					CRYPTOPP_DISABLE_SSE2,
					"$(inherited)",
				);
				GCC_WARN_64_TO_32_BIT_CONVERSION = YES;
				GCC_WARN_ABOUT_RETURN_TYPE = YES_ERROR;
				GCC_WARN_UNDECLARED_SELECTOR = YES;
				GCC_WARN_UNINITIALIZED_AUTOS = YES;
				GCC_WARN_UNUSED_FUNCTION = YES;
				GCC_WARN_UNUSED_VARIABLE = YES;
				HEADER_SEARCH_PATHS = (
					"$(inherited)",
					../../..,
					../../../libs,
					"../../../libs/op-services-cpp",
					../../../libs/zsLib,
					../../../libs/boost/osx/framework/boost.framework/Headers,
					../../../libs/webrtc,
					../../../libs/webrtc/webrtc,
					../../../libs/webrtc/webrtc/voice_engine/include,
					../../../libs/webrtc/webrtc/video_engine/include,
					../../../libs/webrtc/webrtc/modules/video_capture/include,
				);
				MACOSX_DEPLOYMENT_TARGET = 10.8;
				SDKROOT = macosx;
			};
			name = Release;
		};
		008F56091821367E009863AA /* Debug */ = {
			isa = XCBuildConfiguration;
			buildSettings = {
				EXECUTABLE_PREFIX = lib;
				PRODUCT_NAME = "$(TARGET_NAME)";
			};
			name = Debug;
		};
		008F560A1821367E009863AA /* Release */ = {
			isa = XCBuildConfiguration;
			buildSettings = {
				EXECUTABLE_PREFIX = lib;
				PRODUCT_NAME = "$(TARGET_NAME)";
			};
			name = Release;
		};
/* End XCBuildConfiguration section */

/* Begin XCConfigurationList section */
		008F55FF1821367E009863AA /* Build configuration list for PBXProject "ortclib" */ = {
			isa = XCConfigurationList;
			buildConfigurations = (
				008F56061821367E009863AA /* Debug */,
				008F56071821367E009863AA /* Release */,
			);
			defaultConfigurationIsVisible = 0;
			defaultConfigurationName = Release;
		};
		008F56081821367E009863AA /* Build configuration list for PBXNativeTarget "ortclib" */ = {
			isa = XCConfigurationList;
			buildConfigurations = (
				008F56091821367E009863AA /* Debug */,
				008F560A1821367E009863AA /* Release */,
			);
			defaultConfigurationIsVisible = 0;
			defaultConfigurationName = Release;
		};
/* End XCConfigurationList section */
	};
	rootObject = 008F55FC1821367E009863AA /* Project object */;
}
