// !$*UTF8*$!
{
	archiveVersion = 1;
	classes = {
	};
	objectVersion = 46;
	objects = {

/* Begin PBXBuildFile section */
		00724A70184CF4430049B9EF /* ortc.cpp in Sources */ = {isa = PBXBuildFile; fileRef = 00724A6F184CF4430049B9EF /* ortc.cpp */; };
		00724A72184CF4530049B9EF /* ortc_ORTC.cpp in Sources */ = {isa = PBXBuildFile; fileRef = 00724A71184CF4530049B9EF /* ortc_ORTC.cpp */; };
		007B98FC1855D657004AC6C0 /* ortc_DTLSTransport.cpp in Sources */ = {isa = PBXBuildFile; fileRef = 007B98FB1855D657004AC6C0 /* ortc_DTLSTransport.cpp */; };
		007B990C1856A1CD004AC6C0 /* ortc_RTPReceiver.cpp in Sources */ = {isa = PBXBuildFile; fileRef = 007B99091856A1CD004AC6C0 /* ortc_RTPReceiver.cpp */; };
		007B990D1856A1CD004AC6C0 /* ortc_RTPSender.cpp in Sources */ = {isa = PBXBuildFile; fileRef = 007B990A1856A1CD004AC6C0 /* ortc_RTPSender.cpp */; };
		007B990E1856A1CD004AC6C0 /* ortc_TrackDescription.cpp in Sources */ = {isa = PBXBuildFile; fileRef = 007B990B1856A1CD004AC6C0 /* ortc_TrackDescription.cpp */; };
		00D8BFA518479BC70001A335 /* ortc_ICETransport.cpp in Sources */ = {isa = PBXBuildFile; fileRef = 00D8BFA418479BC70001A335 /* ortc_ICETransport.cpp */; };
		00D8BFF11848DF280001A335 /* ortc_Helper.cpp in Sources */ = {isa = PBXBuildFile; fileRef = 00D8BFF01848DF280001A335 /* ortc_Helper.cpp */; };
		E2234BFA18453B3000F9E2C8 /* ortc_Factory.cpp in Sources */ = {isa = PBXBuildFile; fileRef = E2234BF918453B3000F9E2C8 /* ortc_Factory.cpp */; };
		E2260EAC182163D50084E4A4 /* ortc_RTCTrack.cpp in Sources */ = {isa = PBXBuildFile; fileRef = E2260E9E182163D50084E4A4 /* ortc_RTCTrack.cpp */; };
		E22F74F718401C0D008F502E /* ortc_MediaEngine.cpp in Sources */ = {isa = PBXBuildFile; fileRef = E22F74F318401C0D008F502E /* ortc_MediaEngine.cpp */; };
		E22F74F818401C0D008F502E /* ortc_MediaManager.cpp in Sources */ = {isa = PBXBuildFile; fileRef = E22F74F418401C0D008F502E /* ortc_MediaManager.cpp */; };
		E22F74F918401C0D008F502E /* ortc_MediaStream.cpp in Sources */ = {isa = PBXBuildFile; fileRef = E22F74F518401C0D008F502E /* ortc_MediaStream.cpp */; };
		E22F74FA18401C0D008F502E /* ortc_MediaStreamTrack.cpp in Sources */ = {isa = PBXBuildFile; fileRef = E22F74F618401C0D008F502E /* ortc_MediaStreamTrack.cpp */; };
		E29D8F0B1824831B00829A25 /* ortc_RTCStream.cpp in Sources */ = {isa = PBXBuildFile; fileRef = E29D8F0A1824831B00829A25 /* ortc_RTCStream.cpp */; };
		E29D8F0F1824837800829A25 /* ortc_RTCDTMFTrack.cpp in Sources */ = {isa = PBXBuildFile; fileRef = E29D8F0E1824837800829A25 /* ortc_RTCDTMFTrack.cpp */; };
		E29D8F13182483E300829A25 /* ortc_RTCDataChannel.cpp in Sources */ = {isa = PBXBuildFile; fileRef = E29D8F12182483E300829A25 /* ortc_RTCDataChannel.cpp */; };
/* End PBXBuildFile section */

/* Begin PBXCopyFilesBuildPhase section */
		E2260E711821628E0084E4A4 /* CopyFiles */ = {
			isa = PBXCopyFilesBuildPhase;
			buildActionMask = 2147483647;
			dstPath = "include/$(PRODUCT_NAME)";
			dstSubfolderSpec = 16;
			files = (
			);
			runOnlyForDeploymentPostprocessing = 0;
		};
/* End PBXCopyFilesBuildPhase section */

/* Begin PBXFileReference section */
		00724A6F184CF4430049B9EF /* ortc.cpp */ = {isa = PBXFileReference; fileEncoding = 4; lastKnownFileType = sourcecode.cpp.cpp; path = ortc.cpp; sourceTree = "<group>"; };
		00724A71184CF4530049B9EF /* ortc_ORTC.cpp */ = {isa = PBXFileReference; fileEncoding = 4; lastKnownFileType = sourcecode.cpp.cpp; path = ortc_ORTC.cpp; sourceTree = "<group>"; };
		007B98F61855D60A004AC6C0 /* IDTLSTransport.h */ = {isa = PBXFileReference; lastKnownFileType = sourcecode.c.h; path = IDTLSTransport.h; sourceTree = "<group>"; };
		007B98FB1855D657004AC6C0 /* ortc_DTLSTransport.cpp */ = {isa = PBXFileReference; fileEncoding = 4; lastKnownFileType = sourcecode.cpp.cpp; path = ortc_DTLSTransport.cpp; sourceTree = "<group>"; };
		007B98FD1855D66D004AC6C0 /* ortc_DTLSTransport.h */ = {isa = PBXFileReference; lastKnownFileType = sourcecode.c.h; path = ortc_DTLSTransport.h; sourceTree = "<group>"; };
		007B99091856A1CD004AC6C0 /* ortc_RTPReceiver.cpp */ = {isa = PBXFileReference; fileEncoding = 4; lastKnownFileType = sourcecode.cpp.cpp; path = ortc_RTPReceiver.cpp; sourceTree = "<group>"; };
		007B990A1856A1CD004AC6C0 /* ortc_RTPSender.cpp */ = {isa = PBXFileReference; fileEncoding = 4; lastKnownFileType = sourcecode.cpp.cpp; path = ortc_RTPSender.cpp; sourceTree = "<group>"; };
		007B990B1856A1CD004AC6C0 /* ortc_TrackDescription.cpp */ = {isa = PBXFileReference; fileEncoding = 4; lastKnownFileType = sourcecode.cpp.cpp; path = ortc_TrackDescription.cpp; sourceTree = "<group>"; };
		007B990F1856A1E4004AC6C0 /* ortc_RTPReceiver.h */ = {isa = PBXFileReference; lastKnownFileType = sourcecode.c.h; path = ortc_RTPReceiver.h; sourceTree = "<group>"; };
		007B99101856A1E4004AC6C0 /* ortc_RTPSender.h */ = {isa = PBXFileReference; lastKnownFileType = sourcecode.c.h; path = ortc_RTPSender.h; sourceTree = "<group>"; };
		007B99111856A1FF004AC6C0 /* IRTPReceiver.h */ = {isa = PBXFileReference; lastKnownFileType = sourcecode.c.h; path = IRTPReceiver.h; sourceTree = "<group>"; };
		007B99121856A1FF004AC6C0 /* IRTPSender.h */ = {isa = PBXFileReference; lastKnownFileType = sourcecode.c.h; path = IRTPSender.h; sourceTree = "<group>"; };
		007B99131856A1FF004AC6C0 /* TrackDescription.h */ = {isa = PBXFileReference; lastKnownFileType = sourcecode.c.h; path = TrackDescription.h; sourceTree = "<group>"; };
		00D8BFA0184690AC0001A335 /* IICETransport.h */ = {isa = PBXFileReference; lastKnownFileType = sourcecode.c.h; path = IICETransport.h; sourceTree = "<group>"; };
		00D8BFA418479BC70001A335 /* ortc_ICETransport.cpp */ = {isa = PBXFileReference; fileEncoding = 4; lastKnownFileType = sourcecode.cpp.cpp; path = ortc_ICETransport.cpp; sourceTree = "<group>"; };
		00D8BFA618479BDF0001A335 /* ortc_ICETransport.h */ = {isa = PBXFileReference; lastKnownFileType = sourcecode.c.h; path = ortc_ICETransport.h; sourceTree = "<group>"; };
		00D8BFC318479D360001A335 /* IORTC.h */ = {isa = PBXFileReference; lastKnownFileType = sourcecode.c.h; path = IORTC.h; sourceTree = "<group>"; };
		00D8BFC61847A0220001A335 /* ortc_ORTC.h */ = {isa = PBXFileReference; lastKnownFileType = sourcecode.c.h; path = ortc_ORTC.h; sourceTree = "<group>"; };
		00D8BFE81848DBFB0001A335 /* IHelper.h */ = {isa = PBXFileReference; fileEncoding = 4; lastKnownFileType = sourcecode.c.h; path = IHelper.h; sourceTree = "<group>"; };
		00D8BFF01848DF280001A335 /* ortc_Helper.cpp */ = {isa = PBXFileReference; fileEncoding = 4; lastKnownFileType = sourcecode.cpp.cpp; path = ortc_Helper.cpp; sourceTree = "<group>"; };
		00D8BFF21848DF310001A335 /* ortc_Helper.h */ = {isa = PBXFileReference; lastKnownFileType = sourcecode.c.h; path = ortc_Helper.h; sourceTree = "<group>"; };
		E2234BF818453B1F00F9E2C8 /* ortc_Factory.h */ = {isa = PBXFileReference; fileEncoding = 4; lastKnownFileType = sourcecode.c.h; path = ortc_Factory.h; sourceTree = "<group>"; };
		E2234BF918453B3000F9E2C8 /* ortc_Factory.cpp */ = {isa = PBXFileReference; fileEncoding = 4; lastKnownFileType = sourcecode.cpp.cpp; path = ortc_Factory.cpp; sourceTree = "<group>"; };
		E2260E731821628E0084E4A4 /* libortclib_ios.a */ = {isa = PBXFileReference; explicitFileType = archive.ar; includeInIndex = 0; path = libortclib_ios.a; sourceTree = BUILT_PRODUCTS_DIR; };
		E2260E9E182163D50084E4A4 /* ortc_RTCTrack.cpp */ = {isa = PBXFileReference; fileEncoding = 4; lastKnownFileType = sourcecode.cpp.cpp; path = ortc_RTCTrack.cpp; sourceTree = "<group>"; };
		E2260EA0182163D50084E4A4 /* ortc.h */ = {isa = PBXFileReference; fileEncoding = 4; lastKnownFileType = sourcecode.c.h; path = ortc.h; sourceTree = "<group>"; };
		E2260EA2182163D50084E4A4 /* ortc_RTCTrack.h */ = {isa = PBXFileReference; fileEncoding = 4; lastKnownFileType = sourcecode.c.h; path = ortc_RTCTrack.h; sourceTree = "<group>"; };
		E2260EA3182163D50084E4A4 /* types.h */ = {isa = PBXFileReference; fileEncoding = 4; lastKnownFileType = sourcecode.c.h; path = types.h; sourceTree = "<group>"; };
		E2260EA5182163D50084E4A4 /* IRTCTrack.h */ = {isa = PBXFileReference; fileEncoding = 4; lastKnownFileType = sourcecode.c.h; path = IRTCTrack.h; sourceTree = "<group>"; };
		E2260EA8182163D50084E4A4 /* ortc.h */ = {isa = PBXFileReference; fileEncoding = 4; lastKnownFileType = sourcecode.c.h; path = ortc.h; sourceTree = "<group>"; };
		E2260EA9182163D50084E4A4 /* types.h */ = {isa = PBXFileReference; fileEncoding = 4; lastKnownFileType = sourcecode.c.h; path = types.h; sourceTree = "<group>"; };
		E22F74F318401C0D008F502E /* ortc_MediaEngine.cpp */ = {isa = PBXFileReference; fileEncoding = 4; lastKnownFileType = sourcecode.cpp.cpp; path = ortc_MediaEngine.cpp; sourceTree = "<group>"; };
		E22F74F418401C0D008F502E /* ortc_MediaManager.cpp */ = {isa = PBXFileReference; fileEncoding = 4; lastKnownFileType = sourcecode.cpp.cpp; path = ortc_MediaManager.cpp; sourceTree = "<group>"; };
		E22F74F518401C0D008F502E /* ortc_MediaStream.cpp */ = {isa = PBXFileReference; fileEncoding = 4; lastKnownFileType = sourcecode.cpp.cpp; path = ortc_MediaStream.cpp; sourceTree = "<group>"; };
		E22F74F618401C0D008F502E /* ortc_MediaStreamTrack.cpp */ = {isa = PBXFileReference; fileEncoding = 4; lastKnownFileType = sourcecode.cpp.cpp; path = ortc_MediaStreamTrack.cpp; sourceTree = "<group>"; };
		E22F74FB18401C39008F502E /* ortc_MediaEngine.h */ = {isa = PBXFileReference; fileEncoding = 4; lastKnownFileType = sourcecode.c.h; path = ortc_MediaEngine.h; sourceTree = "<group>"; };
		E22F74FC18401C39008F502E /* ortc_MediaManager.h */ = {isa = PBXFileReference; fileEncoding = 4; lastKnownFileType = sourcecode.c.h; path = ortc_MediaManager.h; sourceTree = "<group>"; };
		E22F74FD18401C39008F502E /* ortc_MediaStream.h */ = {isa = PBXFileReference; fileEncoding = 4; lastKnownFileType = sourcecode.c.h; path = ortc_MediaStream.h; sourceTree = "<group>"; };
		E22F74FE18401C39008F502E /* ortc_MediaStreamTrack.h */ = {isa = PBXFileReference; fileEncoding = 4; lastKnownFileType = sourcecode.c.h; path = ortc_MediaStreamTrack.h; sourceTree = "<group>"; };
		E22F74FF18401C4F008F502E /* IMediaManager.h */ = {isa = PBXFileReference; fileEncoding = 4; lastKnownFileType = sourcecode.c.h; path = IMediaManager.h; sourceTree = "<group>"; };
		E22F750018401C4F008F502E /* IMediaStream.h */ = {isa = PBXFileReference; fileEncoding = 4; lastKnownFileType = sourcecode.c.h; path = IMediaStream.h; sourceTree = "<group>"; };
		E22F750118401C4F008F502E /* IMediaStreamTrack.h */ = {isa = PBXFileReference; fileEncoding = 4; lastKnownFileType = sourcecode.c.h; path = IMediaStreamTrack.h; sourceTree = "<group>"; };
		E29D8F08182482E000829A25 /* IRTCStream.h */ = {isa = PBXFileReference; lastKnownFileType = sourcecode.c.h; path = IRTCStream.h; sourceTree = "<group>"; };
		E29D8F091824830200829A25 /* ortc_RTCStream.h */ = {isa = PBXFileReference; lastKnownFileType = sourcecode.c.h; path = ortc_RTCStream.h; sourceTree = "<group>"; };
		E29D8F0A1824831B00829A25 /* ortc_RTCStream.cpp */ = {isa = PBXFileReference; fileEncoding = 4; lastKnownFileType = sourcecode.cpp.cpp; path = ortc_RTCStream.cpp; sourceTree = "<group>"; };
		E29D8F0C1824834B00829A25 /* IRTCDTMFTrack.h */ = {isa = PBXFileReference; lastKnownFileType = sourcecode.c.h; path = IRTCDTMFTrack.h; sourceTree = "<group>"; };
		E29D8F0D1824836400829A25 /* ortc_RTCDTMFTrack.h */ = {isa = PBXFileReference; lastKnownFileType = sourcecode.c.h; path = ortc_RTCDTMFTrack.h; sourceTree = "<group>"; };
		E29D8F0E1824837800829A25 /* ortc_RTCDTMFTrack.cpp */ = {isa = PBXFileReference; fileEncoding = 4; lastKnownFileType = sourcecode.cpp.cpp; path = ortc_RTCDTMFTrack.cpp; sourceTree = "<group>"; };
		E29D8F10182483AB00829A25 /* IRTCDataChannel.h */ = {isa = PBXFileReference; lastKnownFileType = sourcecode.c.h; path = IRTCDataChannel.h; sourceTree = "<group>"; };
		E29D8F11182483CD00829A25 /* ortc_RTCDataChannel.h */ = {isa = PBXFileReference; lastKnownFileType = sourcecode.c.h; path = ortc_RTCDataChannel.h; sourceTree = "<group>"; };
		E29D8F12182483E300829A25 /* ortc_RTCDataChannel.cpp */ = {isa = PBXFileReference; fileEncoding = 4; lastKnownFileType = sourcecode.cpp.cpp; path = ortc_RTCDataChannel.cpp; sourceTree = "<group>"; };
		E29D8F141824845E00829A25 /* IRTCSocket.h */ = {isa = PBXFileReference; lastKnownFileType = sourcecode.c.h; path = IRTCSocket.h; sourceTree = "<group>"; };
		E2D0493E182C376700343A95 /* license.txt */ = {isa = PBXFileReference; fileEncoding = 4; lastKnownFileType = text; name = license.txt; path = ../../../license.txt; sourceTree = "<group>"; };
/* End PBXFileReference section */

/* Begin PBXFrameworksBuildPhase section */
		E2260E701821628E0084E4A4 /* Frameworks */ = {
			isa = PBXFrameworksBuildPhase;
			buildActionMask = 2147483647;
			files = (
			);
			runOnlyForDeploymentPostprocessing = 0;
		};
/* End PBXFrameworksBuildPhase section */

/* Begin PBXGroup section */
		E2260E65182161700084E4A4 = {
			isa = PBXGroup;
			children = (
				E2260E9A182163D50084E4A4 /* ortc */,
				E2260E741821628E0084E4A4 /* Products */,
				E2D0493E182C376700343A95 /* license.txt */,
			);
			sourceTree = "<group>";
		};
		E2260E741821628E0084E4A4 /* Products */ = {
			isa = PBXGroup;
			children = (
				E2260E731821628E0084E4A4 /* libortclib_ios.a */,
			);
			name = Products;
			sourceTree = "<group>";
		};
		E2260E9A182163D50084E4A4 /* ortc */ = {
			isa = PBXGroup;
			children = (
				E2260E9B182163D50084E4A4 /* cpp */,
				E2260E9F182163D50084E4A4 /* internal */,
				E2260EA9182163D50084E4A4 /* types.h */,
				E2260EA8182163D50084E4A4 /* ortc.h */,
				00D8BFC318479D360001A335 /* IORTC.h */,
				00D8BFE81848DBFB0001A335 /* IHelper.h */,
				007B98F61855D60A004AC6C0 /* IDTLSTransport.h */,
				00D8BFA0184690AC0001A335 /* IICETransport.h */,
				007B99111856A1FF004AC6C0 /* IRTPReceiver.h */,
				007B99121856A1FF004AC6C0 /* IRTPSender.h */,
				007B99131856A1FF004AC6C0 /* TrackDescription.h */,
				E29D8F141824845E00829A25 /* IRTCSocket.h */,
				E29D8F08182482E000829A25 /* IRTCStream.h */,
				E2260EA5182163D50084E4A4 /* IRTCTrack.h */,
				E29D8F0C1824834B00829A25 /* IRTCDTMFTrack.h */,
				E29D8F10182483AB00829A25 /* IRTCDataChannel.h */,
				E22F74FF18401C4F008F502E /* IMediaManager.h */,
				E22F750018401C4F008F502E /* IMediaStream.h */,
				E22F750118401C4F008F502E /* IMediaStreamTrack.h */,
			);
			name = ortc;
			path = ../../../ortc;
			sourceTree = SOURCE_ROOT;
		};
		E2260E9B182163D50084E4A4 /* cpp */ = {
			isa = PBXGroup;
			children = (
				00724A6F184CF4430049B9EF /* ortc.cpp */,
				00724A71184CF4530049B9EF /* ortc_ORTC.cpp */,
				E2234BF918453B3000F9E2C8 /* ortc_Factory.cpp */,
				00D8BFF01848DF280001A335 /* ortc_Helper.cpp */,
				007B98FB1855D657004AC6C0 /* ortc_DTLSTransport.cpp */,
				00D8BFA418479BC70001A335 /* ortc_ICETransport.cpp */,
				007B99091856A1CD004AC6C0 /* ortc_RTPReceiver.cpp */,
				007B990A1856A1CD004AC6C0 /* ortc_RTPSender.cpp */,
				007B990B1856A1CD004AC6C0 /* ortc_TrackDescription.cpp */,
				E29D8F0A1824831B00829A25 /* ortc_RTCStream.cpp */,
				E2260E9E182163D50084E4A4 /* ortc_RTCTrack.cpp */,
				E29D8F0E1824837800829A25 /* ortc_RTCDTMFTrack.cpp */,
				E29D8F12182483E300829A25 /* ortc_RTCDataChannel.cpp */,
				E22F74F418401C0D008F502E /* ortc_MediaManager.cpp */,
				E22F74F518401C0D008F502E /* ortc_MediaStream.cpp */,
				E22F74F618401C0D008F502E /* ortc_MediaStreamTrack.cpp */,
				E22F74F318401C0D008F502E /* ortc_MediaEngine.cpp */,
			);
			path = cpp;
			sourceTree = "<group>";
		};
		E2260E9F182163D50084E4A4 /* internal */ = {
			isa = PBXGroup;
			children = (
				E2260EA3182163D50084E4A4 /* types.h */,
				E2260EA0182163D50084E4A4 /* ortc.h */,
				E2234BF818453B1F00F9E2C8 /* ortc_Factory.h */,
				00D8BFC61847A0220001A335 /* ortc_ORTC.h */,
				00D8BFF21848DF310001A335 /* ortc_Helper.h */,
				007B98FD1855D66D004AC6C0 /* ortc_DTLSTransport.h */,
				00D8BFA618479BDF0001A335 /* ortc_ICETransport.h */,
				007B990F1856A1E4004AC6C0 /* ortc_RTPReceiver.h */,
				007B99101856A1E4004AC6C0 /* ortc_RTPSender.h */,
				E29D8F091824830200829A25 /* ortc_RTCStream.h */,
				E2260EA2182163D50084E4A4 /* ortc_RTCTrack.h */,
				E29D8F0D1824836400829A25 /* ortc_RTCDTMFTrack.h */,
				E29D8F11182483CD00829A25 /* ortc_RTCDataChannel.h */,
				E22F74FC18401C39008F502E /* ortc_MediaManager.h */,
				E22F74FD18401C39008F502E /* ortc_MediaStream.h */,
				E22F74FE18401C39008F502E /* ortc_MediaStreamTrack.h */,
				E22F74FB18401C39008F502E /* ortc_MediaEngine.h */,
			);
			path = internal;
			sourceTree = "<group>";
		};
/* End PBXGroup section */

/* Begin PBXNativeTarget section */
		E2260E721821628E0084E4A4 /* ortclib_ios */ = {
			isa = PBXNativeTarget;
			buildConfigurationList = E2260E941821628E0084E4A4 /* Build configuration list for PBXNativeTarget "ortclib_ios" */;
			buildPhases = (
				E2260E6F1821628E0084E4A4 /* Sources */,
				E2260E701821628E0084E4A4 /* Frameworks */,
				E2260E711821628E0084E4A4 /* CopyFiles */,
			);
			buildRules = (
			);
			dependencies = (
			);
			name = ortclib_ios;
			productName = ortclib_ios;
			productReference = E2260E731821628E0084E4A4 /* libortclib_ios.a */;
			productType = "com.apple.product-type.library.static";
		};
/* End PBXNativeTarget section */

/* Begin PBXProject section */
		E2260E66182161700084E4A4 /* Project object */ = {
			isa = PBXProject;
			attributes = {
				LastUpgradeCheck = 0500;
			};
			buildConfigurationList = E2260E69182161700084E4A4 /* Build configuration list for PBXProject "ortclib_ios" */;
			compatibilityVersion = "Xcode 3.2";
			developmentRegion = English;
			hasScannedForEncodings = 0;
			knownRegions = (
				en,
			);
			mainGroup = E2260E65182161700084E4A4;
			productRefGroup = E2260E741821628E0084E4A4 /* Products */;
			projectDirPath = "";
			projectRoot = "";
			targets = (
				E2260E721821628E0084E4A4 /* ortclib_ios */,
			);
		};
/* End PBXProject section */

/* Begin PBXSourcesBuildPhase section */
		E2260E6F1821628E0084E4A4 /* Sources */ = {
			isa = PBXSourcesBuildPhase;
			buildActionMask = 2147483647;
			files = (
				E2260EAC182163D50084E4A4 /* ortc_RTCTrack.cpp in Sources */,
				007B98FC1855D657004AC6C0 /* ortc_DTLSTransport.cpp in Sources */,
				007B990C1856A1CD004AC6C0 /* ortc_RTPReceiver.cpp in Sources */,
				E22F74F918401C0D008F502E /* ortc_MediaStream.cpp in Sources */,
				E22F74F718401C0D008F502E /* ortc_MediaEngine.cpp in Sources */,
				E29D8F0B1824831B00829A25 /* ortc_RTCStream.cpp in Sources */,
				00724A72184CF4530049B9EF /* ortc_ORTC.cpp in Sources */,
				E22F74F818401C0D008F502E /* ortc_MediaManager.cpp in Sources */,
				00D8BFA518479BC70001A335 /* ortc_ICETransport.cpp in Sources */,
				E22F74FA18401C0D008F502E /* ortc_MediaStreamTrack.cpp in Sources */,
				007B990D1856A1CD004AC6C0 /* ortc_RTPSender.cpp in Sources */,
				007B990E1856A1CD004AC6C0 /* ortc_TrackDescription.cpp in Sources */,
				00724A70184CF4430049B9EF /* ortc.cpp in Sources */,
				00D8BFF11848DF280001A335 /* ortc_Helper.cpp in Sources */,
				E2234BFA18453B3000F9E2C8 /* ortc_Factory.cpp in Sources */,
				E29D8F0F1824837800829A25 /* ortc_RTCDTMFTrack.cpp in Sources */,
				E29D8F13182483E300829A25 /* ortc_RTCDataChannel.cpp in Sources */,
			);
			runOnlyForDeploymentPostprocessing = 0;
		};
/* End PBXSourcesBuildPhase section */

/* Begin XCBuildConfiguration section */
		E2260E6A182161700084E4A4 /* Debug */ = {
			isa = XCBuildConfiguration;
			buildSettings = {
				CLANG_CXX_LANGUAGE_STANDARD = "gnu++0x";
				CLANG_CXX_LIBRARY = "libstdc++";
				GCC_INLINES_ARE_PRIVATE_EXTERN = YES;
				GCC_SYMBOLS_PRIVATE_EXTERN = YES;
				HEADER_SEARCH_PATHS = (
					"$(inherited)",
					../../..,
					../../../libs,
					"../../../libs/op-services-cpp",
					../../../libs/zsLib,
					../../../libs/boost/ios/framework/boost.framework/Headers,
					../../../libs/webrtc,
					../../../libs/webrtc/webrtc,
					../../../libs/webrtc/webrtc/voice_engine/include,
					../../../libs/webrtc/webrtc/video_engine/include,
					../../../libs/webrtc/webrtc/modules/video_capture/include,
				);
				SDKROOT = iphoneos;
				SUPPORTED_PLATFORMS = "iphonesimulator iphoneos";
			};
			name = Debug;
		};
		E2260E6B182161700084E4A4 /* Release */ = {
			isa = XCBuildConfiguration;
			buildSettings = {
				CLANG_CXX_LANGUAGE_STANDARD = "gnu++0x";
				CLANG_CXX_LIBRARY = "libstdc++";
				GCC_INLINES_ARE_PRIVATE_EXTERN = YES;
				GCC_SYMBOLS_PRIVATE_EXTERN = YES;
				HEADER_SEARCH_PATHS = (
					"$(inherited)",
					../../..,
					../../../libs,
					"../../../libs/op-services-cpp",
					../../../libs/zsLib,
					../../../libs/boost/ios/framework/boost.framework/Headers,
					../../../libs/webrtc,
					../../../libs/webrtc/webrtc,
					../../../libs/webrtc/webrtc/voice_engine/include,
					../../../libs/webrtc/webrtc/video_engine/include,
					../../../libs/webrtc/webrtc/modules/video_capture/include,
				);
				SDKROOT = iphoneos;
				SUPPORTED_PLATFORMS = "iphonesimulator iphoneos";
			};
			name = Release;
		};
		E2260E951821628E0084E4A4 /* Debug */ = {
			isa = XCBuildConfiguration;
			buildSettings = {
				ALWAYS_SEARCH_USER_PATHS = NO;
				CLANG_ENABLE_MODULES = YES;
				CLANG_ENABLE_OBJC_ARC = YES;
				CLANG_WARN_BOOL_CONVERSION = YES;
				CLANG_WARN_CONSTANT_CONVERSION = YES;
				CLANG_WARN_DIRECT_OBJC_ISA_USAGE = YES_ERROR;
				CLANG_WARN_EMPTY_BODY = YES;
				CLANG_WARN_ENUM_CONVERSION = YES;
				CLANG_WARN_INT_CONVERSION = YES;
				CLANG_WARN_OBJC_ROOT_CLASS = YES_ERROR;
				CLANG_WARN__DUPLICATE_METHOD_MATCH = YES;
				COPY_PHASE_STRIP = NO;
				DSTROOT = /tmp/ortclib_ios.dst;
				GCC_DYNAMIC_NO_PIC = NO;
				GCC_OPTIMIZATION_LEVEL = 0;
				GCC_PRECOMPILE_PREFIX_HEADER = NO;
				GCC_PREFIX_HEADER = "";
				GCC_PREPROCESSOR_DEFINITIONS = (
					"DEBUG=1",
					"$(inherited)",
				);
				GCC_WARN_64_TO_32_BIT_CONVERSION = YES;
				GCC_WARN_ABOUT_RETURN_TYPE = YES_ERROR;
				GCC_WARN_UNDECLARED_SELECTOR = YES;
				GCC_WARN_UNINITIALIZED_AUTOS = YES;
				GCC_WARN_UNUSED_FUNCTION = YES;
				GCC_WARN_UNUSED_VARIABLE = YES;
				IPHONEOS_DEPLOYMENT_TARGET = 7.0;
				ONLY_ACTIVE_ARCH = YES;
				OTHER_LDFLAGS = "-ObjC";
				PRODUCT_NAME = "$(TARGET_NAME)";
				SKIP_INSTALL = YES;
				SUPPORTED_PLATFORMS = iphoneos;
			};
			name = Debug;
		};
		E2260E961821628E0084E4A4 /* Release */ = {
			isa = XCBuildConfiguration;
			buildSettings = {
				ALWAYS_SEARCH_USER_PATHS = NO;
				CLANG_ENABLE_MODULES = YES;
				CLANG_ENABLE_OBJC_ARC = YES;
				CLANG_WARN_BOOL_CONVERSION = YES;
				CLANG_WARN_CONSTANT_CONVERSION = YES;
				CLANG_WARN_DIRECT_OBJC_ISA_USAGE = YES_ERROR;
				CLANG_WARN_EMPTY_BODY = YES;
				CLANG_WARN_ENUM_CONVERSION = YES;
				CLANG_WARN_INT_CONVERSION = YES;
				CLANG_WARN_OBJC_ROOT_CLASS = YES_ERROR;
				CLANG_WARN__DUPLICATE_METHOD_MATCH = YES;
				COPY_PHASE_STRIP = YES;
				DSTROOT = /tmp/ortclib_ios.dst;
				ENABLE_NS_ASSERTIONS = NO;
				GCC_PRECOMPILE_PREFIX_HEADER = NO;
				GCC_PREFIX_HEADER = "";
				GCC_WARN_64_TO_32_BIT_CONVERSION = YES;
				GCC_WARN_ABOUT_RETURN_TYPE = YES_ERROR;
				GCC_WARN_UNDECLARED_SELECTOR = YES;
				GCC_WARN_UNINITIALIZED_AUTOS = YES;
				GCC_WARN_UNUSED_FUNCTION = YES;
				GCC_WARN_UNUSED_VARIABLE = YES;
				IPHONEOS_DEPLOYMENT_TARGET = 7.0;
				OTHER_LDFLAGS = "-ObjC";
				PRODUCT_NAME = "$(TARGET_NAME)";
				SKIP_INSTALL = YES;
				SUPPORTED_PLATFORMS = iphoneos;
				VALIDATE_PRODUCT = YES;
			};
			name = Release;
		};
/* End XCBuildConfiguration section */

/* Begin XCConfigurationList section */
		E2260E69182161700084E4A4 /* Build configuration list for PBXProject "ortclib_ios" */ = {
			isa = XCConfigurationList;
			buildConfigurations = (
				E2260E6A182161700084E4A4 /* Debug */,
				E2260E6B182161700084E4A4 /* Release */,
			);
			defaultConfigurationIsVisible = 0;
			defaultConfigurationName = Release;
		};
		E2260E941821628E0084E4A4 /* Build configuration list for PBXNativeTarget "ortclib_ios" */ = {
			isa = XCConfigurationList;
			buildConfigurations = (
				E2260E951821628E0084E4A4 /* Debug */,
				E2260E961821628E0084E4A4 /* Release */,
			);
			defaultConfigurationIsVisible = 0;
			defaultConfigurationName = Release;
		};
/* End XCConfigurationList section */
	};
	rootObject = E2260E66182161700084E4A4 /* Project object */;
}
