<?xml version="1.0" encoding="utf-8"?>
<Project ToolsVersion="12.0" xmlns="http://schemas.microsoft.com/developer/msbuild/2003">
  <ItemGroup>
    <Filter Include="ortc">
      <UniqueIdentifier>{2fb9f586-2ed8-4210-8f66-e6530a51d5a1}</UniqueIdentifier>
    </Filter>
    <Filter Include="ortc\cpp">
      <UniqueIdentifier>{a4f3167c-b9a4-45fa-887f-bda7171d8d59}</UniqueIdentifier>
    </Filter>
    <Filter Include="ortc\internal">
      <UniqueIdentifier>{6d3836d3-0f32-4630-af9f-84ba4956d11d}</UniqueIdentifier>
    </Filter>
    <Filter Include="ortc\adapter">
      <UniqueIdentifier>{891d3239-4658-4941-8c8b-c6f04935e981}</UniqueIdentifier>
    </Filter>
    <Filter Include="ortc\adapter\cpp">
      <UniqueIdentifier>{e2e39297-67de-4285-9a9e-2bc164652d22}</UniqueIdentifier>
    </Filter>
    <Filter Include="ortc\adapter\internal">
      <UniqueIdentifier>{f17fb194-0df4-4c67-aec0-98a3525d1d69}</UniqueIdentifier>
    </Filter>
  </ItemGroup>
  <ItemGroup>
    <ClInclude Include="$(MSBuildThisFileDirectory)..\..\..\..\ortc\ICapabilities.h">
      <Filter>ortc</Filter>
    </ClInclude>
    <ClInclude Include="$(MSBuildThisFileDirectory)..\..\..\..\ortc\IConstraints.h">
      <Filter>ortc</Filter>
    </ClInclude>
    <ClInclude Include="$(MSBuildThisFileDirectory)..\..\..\..\ortc\IDataChannel.h">
      <Filter>ortc</Filter>
    </ClInclude>
    <ClInclude Include="$(MSBuildThisFileDirectory)..\..\..\..\ortc\IDataTransport.h">
      <Filter>ortc</Filter>
    </ClInclude>
    <ClInclude Include="$(MSBuildThisFileDirectory)..\..\..\..\ortc\IDTLSTransport.h">
      <Filter>ortc</Filter>
    </ClInclude>
    <ClInclude Include="$(MSBuildThisFileDirectory)..\..\..\..\ortc\IDTMFSender.h">
      <Filter>ortc</Filter>
    </ClInclude>
    <ClInclude Include="$(MSBuildThisFileDirectory)..\..\..\..\ortc\IHelper.h">
      <Filter>ortc</Filter>
    </ClInclude>
    <ClInclude Include="$(MSBuildThisFileDirectory)..\..\..\..\ortc\IICEGatherer.h">
      <Filter>ortc</Filter>
    </ClInclude>
    <ClInclude Include="$(MSBuildThisFileDirectory)..\..\..\..\ortc\IICETransport.h">
      <Filter>ortc</Filter>
    </ClInclude>
    <ClInclude Include="$(MSBuildThisFileDirectory)..\..\..\..\ortc\IICETransportController.h">
      <Filter>ortc</Filter>
    </ClInclude>
    <ClInclude Include="$(MSBuildThisFileDirectory)..\..\..\..\ortc\IICETypes.h">
      <Filter>ortc</Filter>
    </ClInclude>
    <ClInclude Include="$(MSBuildThisFileDirectory)..\..\..\..\ortc\IIdentity.h">
      <Filter>ortc</Filter>
    </ClInclude>
    <ClInclude Include="$(MSBuildThisFileDirectory)..\..\..\..\ortc\IMediaDevices.h">
      <Filter>ortc</Filter>
    </ClInclude>
    <ClInclude Include="$(MSBuildThisFileDirectory)..\..\..\..\ortc\IMediaStreamTrack.h">
      <Filter>ortc</Filter>
    </ClInclude>
    <ClInclude Include="$(MSBuildThisFileDirectory)..\..\..\..\ortc\IORTC.h">
      <Filter>ortc</Filter>
    </ClInclude>
    <ClInclude Include="$(MSBuildThisFileDirectory)..\..\..\..\ortc\IRTPListener.h">
      <Filter>ortc</Filter>
    </ClInclude>
    <ClInclude Include="$(MSBuildThisFileDirectory)..\..\..\..\ortc\IRTPReceiver.h">
      <Filter>ortc</Filter>
    </ClInclude>
    <ClInclude Include="$(MSBuildThisFileDirectory)..\..\..\..\ortc\IRTPSender.h">
      <Filter>ortc</Filter>
    </ClInclude>
    <ClInclude Include="$(MSBuildThisFileDirectory)..\..\..\..\ortc\IRTPTypes.h">
      <Filter>ortc</Filter>
    </ClInclude>
    <ClInclude Include="$(MSBuildThisFileDirectory)..\..\..\..\ortc\ISCTPTransport.h">
      <Filter>ortc</Filter>
    </ClInclude>
    <ClInclude Include="$(MSBuildThisFileDirectory)..\..\..\..\ortc\ISRTPSDESTransport.h">
      <Filter>ortc</Filter>
    </ClInclude>
    <ClInclude Include="$(MSBuildThisFileDirectory)..\..\..\..\ortc\IStatsProvider.h">
      <Filter>ortc</Filter>
    </ClInclude>
    <ClInclude Include="$(MSBuildThisFileDirectory)..\..\..\..\ortc\IStatsReport.h">
      <Filter>ortc</Filter>
    </ClInclude>
    <ClInclude Include="$(MSBuildThisFileDirectory)..\..\..\..\ortc\ortc.h">
      <Filter>ortc</Filter>
    </ClInclude>
    <ClInclude Include="$(MSBuildThisFileDirectory)..\..\..\..\ortc\types.h">
      <Filter>ortc</Filter>
    </ClInclude>
    <ClInclude Include="$(MSBuildThisFileDirectory)..\..\..\..\ortc\internal\ifaddrs-android.h">
      <Filter>ortc\internal</Filter>
    </ClInclude>
    <ClInclude Include="$(MSBuildThisFileDirectory)..\..\..\..\ortc\internal\ortc.h">
      <Filter>ortc\internal</Filter>
    </ClInclude>
    <ClInclude Include="$(MSBuildThisFileDirectory)..\..\..\..\ortc\internal\ortc_DTLSTransport.h">
      <Filter>ortc\internal</Filter>
    </ClInclude>
    <ClInclude Include="$(MSBuildThisFileDirectory)..\..\..\..\ortc\internal\ortc_Helper.h">
      <Filter>ortc\internal</Filter>
    </ClInclude>
    <ClInclude Include="$(MSBuildThisFileDirectory)..\..\..\..\ortc\internal\ortc_ICEGatherer.h">
      <Filter>ortc\internal</Filter>
    </ClInclude>
    <ClInclude Include="$(MSBuildThisFileDirectory)..\..\..\..\ortc\internal\ortc_ICETransport.h">
      <Filter>ortc\internal</Filter>
    </ClInclude>
    <ClInclude Include="$(MSBuildThisFileDirectory)..\..\..\..\ortc\internal\ortc_MediaStreamTrack.h">
      <Filter>ortc\internal</Filter>
    </ClInclude>
    <ClInclude Include="$(MSBuildThisFileDirectory)..\..\..\..\ortc\internal\ortc_ORTC.h">
      <Filter>ortc\internal</Filter>
    </ClInclude>
    <ClInclude Include="$(MSBuildThisFileDirectory)..\..\..\..\ortc\internal\ortc_RTPReceiver.h">
      <Filter>ortc\internal</Filter>
    </ClInclude>
    <ClInclude Include="$(MSBuildThisFileDirectory)..\..\..\..\ortc\internal\ortc_RTPSender.h">
      <Filter>ortc\internal</Filter>
    </ClInclude>
    <ClInclude Include="$(MSBuildThisFileDirectory)..\..\..\..\ortc\internal\platform.h">
      <Filter>ortc\internal</Filter>
    </ClInclude>
    <ClInclude Include="$(MSBuildThisFileDirectory)..\..\..\..\ortc\internal\types.h">
      <Filter>ortc\internal</Filter>
    </ClInclude>
    <ClInclude Include="$(MSBuildThisFileDirectory)..\..\..\..\ortc\ISettings.h">
      <Filter>ortc</Filter>
    </ClInclude>
    <ClInclude Include="$(MSBuildThisFileDirectory)..\..\..\..\ortc\internal\ortc_ICETransportController.h">
      <Filter>ortc\internal</Filter>
    </ClInclude>
    <ClInclude Include="$(MSBuildThisFileDirectory)..\..\..\..\ortc\internal\ortc_ISecureTransport.h">
      <Filter>ortc\internal</Filter>
    </ClInclude>
    <ClInclude Include="$(MSBuildThisFileDirectory)..\..\..\..\ortc\internal\ortc_Settings.h">
      <Filter>ortc\internal</Filter>
    </ClInclude>
    <ClInclude Include="$(MSBuildThisFileDirectory)..\..\..\..\ortc\internal\ortc_SRTPSDESTransport.h">
      <Filter>ortc\internal</Filter>
    </ClInclude>
    <ClInclude Include="$(MSBuildThisFileDirectory)..\..\..\..\ortc\internal\ortc_ICEGathererRouter.h">
      <Filter>ortc\internal</Filter>
    </ClInclude>
    <ClInclude Include="$(MSBuildThisFileDirectory)..\..\..\..\ortc\ICertificate.h">
      <Filter>ortc</Filter>
    </ClInclude>
    <ClInclude Include="$(MSBuildThisFileDirectory)..\..\..\..\ortc\internal\ortc_Certificate.h">
      <Filter>ortc\internal</Filter>
    </ClInclude>
    <ClInclude Include="$(MSBuildThisFileDirectory)..\..\..\..\ortc\internal\ortc_SCTPTransport.h">
      <Filter>ortc\internal</Filter>
    </ClInclude>
    <ClInclude Include="$(MSBuildThisFileDirectory)..\..\..\..\ortc\internal\ortc_ISRTPTransport.h">
      <Filter>ortc\internal</Filter>
    </ClInclude>
    <ClInclude Include="$(MSBuildThisFileDirectory)..\..\..\..\ortc\internal\ortc_SRTPTransport.h">
      <Filter>ortc\internal</Filter>
    </ClInclude>
    <ClInclude Include="$(MSBuildThisFileDirectory)..\..\..\..\ortc\internal\ortc_RTPListener.h">
      <Filter>ortc\internal</Filter>
    </ClInclude>
    <ClInclude Include="$(MSBuildThisFileDirectory)..\..\..\..\ortc\internal\ortc_MediaDevices.h">
      <Filter>ortc\internal</Filter>
    </ClInclude>
    <ClInclude Include="$(MSBuildThisFileDirectory)..\..\..\..\ortc\internal\ortc_DataChannel.h">
      <Filter>ortc\internal</Filter>
    </ClInclude>
    <ClInclude Include="$(MSBuildThisFileDirectory)..\..\..\..\ortc\internal\ortc_DTMFSender.h">
      <Filter>ortc\internal</Filter>
    </ClInclude>
    <ClInclude Include="$(MSBuildThisFileDirectory)..\..\..\..\ortc\internal\ortc_Identity.h">
      <Filter>ortc\internal</Filter>
    </ClInclude>
    <ClInclude Include="$(MSBuildThisFileDirectory)..\..\..\..\ortc\internal\ortc_SCTPTransportListener.h">
      <Filter>ortc\internal</Filter>
    </ClInclude>
    <ClInclude Include="$(MSBuildThisFileDirectory)..\..\..\..\ortc\internal\ortc_RTPPacket.h">
      <Filter>ortc\internal</Filter>
    </ClInclude>
    <ClInclude Include="$(MSBuildThisFileDirectory)..\..\..\..\ortc\internal\ortc_RTCPPacket.h">
      <Filter>ortc\internal</Filter>
    </ClInclude>
    <ClInclude Include="$(MSBuildThisFileDirectory)..\..\..\..\ortc\internal\ortc_RTPUtils.h">
      <Filter>ortc\internal</Filter>
    </ClInclude>
    <ClInclude Include="$(MSBuildThisFileDirectory)..\..\..\..\ortc\internal\ortc_RTPReceiverChannel.h">
      <Filter>ortc\internal</Filter>
    </ClInclude>
    <ClInclude Include="$(MSBuildThisFileDirectory)..\..\..\..\ortc\internal\ortc_RTPSenderChannel.h">
      <Filter>ortc\internal</Filter>
    </ClInclude>
    <ClInclude Include="$(MSBuildThisFileDirectory)..\..\..\..\ortc\internal\ortc_RTPTypes.h">
      <Filter>ortc\internal</Filter>
    </ClInclude>
    <ClInclude Include="$(MSBuildThisFileDirectory)..\..\..\..\ortc\internal\ortc_StatsReport.h">
      <Filter>ortc\internal</Filter>
    </ClInclude>
    <ClInclude Include="$(MSBuildThisFileDirectory)..\..\..\..\ortc\internal\ortc_RTPReceiverChannelAudio.h">
      <Filter>ortc\internal</Filter>
    </ClInclude>
    <ClInclude Include="$(MSBuildThisFileDirectory)..\..\..\..\ortc\internal\ortc_RTPReceiverChannelMediaBase.h">
      <Filter>ortc\internal</Filter>
    </ClInclude>
    <ClInclude Include="$(MSBuildThisFileDirectory)..\..\..\..\ortc\internal\ortc_RTPReceiverChannelVideo.h">
      <Filter>ortc\internal</Filter>
    </ClInclude>
    <ClInclude Include="$(MSBuildThisFileDirectory)..\..\..\..\ortc\internal\ortc_RTPSenderChannelAudio.h">
      <Filter>ortc\internal</Filter>
    </ClInclude>
    <ClInclude Include="$(MSBuildThisFileDirectory)..\..\..\..\ortc\internal\ortc_RTPSenderChannelMediaBase.h">
      <Filter>ortc\internal</Filter>
    </ClInclude>
    <ClInclude Include="$(MSBuildThisFileDirectory)..\..\..\..\ortc\internal\ortc_RTPSenderChannelVideo.h">
      <Filter>ortc\internal</Filter>
    </ClInclude>
    <ClInclude Include="$(MSBuildThisFileDirectory)..\..\..\..\ortc\internal\ortc_ETWTracing.h">
      <Filter>ortc\internal</Filter>
    </ClInclude>
    <ClInclude Include="$(MSBuildThisFileDirectory)..\..\..\..\ortc\internal\ortc_Tracing.h">
      <Filter>ortc\internal</Filter>
    </ClInclude>
    <ClInclude Include="$(MSBuildThisFileDirectory)..\..\..\..\ortc\internal\ortc_RTPMediaEngine.h">
      <Filter>ortc\internal</Filter>
    </ClInclude>
    <ClInclude Include="$(MSBuildThisFileDirectory)..\..\..\..\ortc\adapter\IHelper.h">
      <Filter>ortc\adapter</Filter>
    </ClInclude>
    <ClInclude Include="$(MSBuildThisFileDirectory)..\..\..\..\ortc\adapter\internal\ortc_adapter_Helper.h">
      <Filter>ortc\adapter\internal</Filter>
    </ClInclude>
    <ClInclude Include="$(MSBuildThisFileDirectory)..\..\..\..\ortc\adapter\ISessionDescription.h">
      <Filter>ortc\adapter</Filter>
    </ClInclude>
    <ClInclude Include="$(MSBuildThisFileDirectory)..\..\..\..\ortc\adapter\internal\ortc_adapter_SessionDescription.h">
      <Filter>ortc\adapter\internal</Filter>
    </ClInclude>
    <ClInclude Include="$(MSBuildThisFileDirectory)..\..\..\..\ortc\adapter\types.h">
      <Filter>ortc\adapter</Filter>
    </ClInclude>
    <ClInclude Include="$(MSBuildThisFileDirectory)..\..\..\..\ortc\adapter\internal\types.h">
      <Filter>ortc\adapter\internal</Filter>
    </ClInclude>
    <ClInclude Include="$(MSBuildThisFileDirectory)..\..\..\..\ortc\adapter\adapter.h">
      <Filter>ortc\adapter</Filter>
    </ClInclude>
    <ClInclude Include="$(MSBuildThisFileDirectory)..\..\..\..\ortc\adapter\internal\ortc_adapter_adapter.h">
      <Filter>ortc\adapter\internal</Filter>
    </ClInclude>
    <ClInclude Include="$(MSBuildThisFileDirectory)..\..\..\..\ortc\adapter\IPeerConnection.h">
      <Filter>ortc\adapter</Filter>
    </ClInclude>
    <ClInclude Include="$(MSBuildThisFileDirectory)..\..\..\..\ortc\adapter\internal\ortc_adapter_PeerConnection.h">
      <Filter>ortc\adapter\internal</Filter>
    </ClInclude>
    <ClInclude Include="$(MSBuildThisFileDirectory)..\..\..\..\ortc\adapter\IMediaStream.h">
      <Filter>ortc\adapter</Filter>
    </ClInclude>
    <ClInclude Include="$(MSBuildThisFileDirectory)..\..\..\..\ortc\adapter\internal\ortc_adapter_MediaStream.h">
      <Filter>ortc\adapter\internal</Filter>
    </ClInclude>
    <ClInclude Include="$(MSBuildThisFileDirectory)..\..\..\..\ortc\adapter\internal\ortc_adapter_SDPParser.h">
      <Filter>ortc\adapter\internal</Filter>
    </ClInclude>
    <ClInclude Include="$(MSBuildThisFileDirectory)..\..\..\..\ortc\IDataChannelTypes.h">
      <Filter>ortc</Filter>
    </ClInclude>
  </ItemGroup>
  <ItemGroup>
    <ClCompile Include="$(MSBuildThisFileDirectory)..\..\..\..\ortc\cpp\ifaddrs-android.cc">
      <Filter>ortc\cpp</Filter>
    </ClCompile>
    <ClCompile Include="$(MSBuildThisFileDirectory)..\..\..\..\ortc\cpp\ortc.cpp">
      <Filter>ortc\cpp</Filter>
    </ClCompile>
    <ClCompile Include="$(MSBuildThisFileDirectory)..\..\..\..\ortc\cpp\ortc_DTLSTransport.cpp">
      <Filter>ortc\cpp</Filter>
    </ClCompile>
    <ClCompile Include="$(MSBuildThisFileDirectory)..\..\..\..\ortc\cpp\ortc_Helper.cpp">
      <Filter>ortc\cpp</Filter>
    </ClCompile>
    <ClCompile Include="$(MSBuildThisFileDirectory)..\..\..\..\ortc\cpp\ortc_ICEGatherer.cpp">
      <Filter>ortc\cpp</Filter>
    </ClCompile>
    <ClCompile Include="$(MSBuildThisFileDirectory)..\..\..\..\ortc\cpp\ortc_ICETransport.cpp">
      <Filter>ortc\cpp</Filter>
    </ClCompile>
    <ClCompile Include="$(MSBuildThisFileDirectory)..\..\..\..\ortc\cpp\ortc_ICETypes.cpp">
      <Filter>ortc\cpp</Filter>
    </ClCompile>
    <ClCompile Include="$(MSBuildThisFileDirectory)..\..\..\..\ortc\cpp\ortc_MediaStreamTrack.cpp">
      <Filter>ortc\cpp</Filter>
    </ClCompile>
    <ClCompile Include="$(MSBuildThisFileDirectory)..\..\..\..\ortc\cpp\ortc_ORTC.cpp">
      <Filter>ortc\cpp</Filter>
    </ClCompile>
    <ClCompile Include="$(MSBuildThisFileDirectory)..\..\..\..\ortc\cpp\ortc_RTPReceiver.cpp">
      <Filter>ortc\cpp</Filter>
    </ClCompile>
    <ClCompile Include="$(MSBuildThisFileDirectory)..\..\..\..\ortc\cpp\ortc_RTPSender.cpp">
      <Filter>ortc\cpp</Filter>
    </ClCompile>
    <ClCompile Include="$(MSBuildThisFileDirectory)..\..\..\..\ortc\cpp\ortc_ISecureTransport.cpp">
      <Filter>ortc\cpp</Filter>
    </ClCompile>
    <ClCompile Include="$(MSBuildThisFileDirectory)..\..\..\..\ortc\cpp\ortc_ICETransportController.cpp">
      <Filter>ortc\cpp</Filter>
    </ClCompile>
    <ClCompile Include="$(MSBuildThisFileDirectory)..\..\..\..\ortc\cpp\ortc_Settings.cpp">
      <Filter>ortc\cpp</Filter>
    </ClCompile>
    <ClCompile Include="$(MSBuildThisFileDirectory)..\..\..\..\ortc\cpp\ortc_SRTPSDESTransport.cpp">
      <Filter>ortc\cpp</Filter>
    </ClCompile>
    <ClCompile Include="$(MSBuildThisFileDirectory)..\..\..\..\ortc\cpp\ortc_ICEGathererRouter.cpp">
      <Filter>ortc\cpp</Filter>
    </ClCompile>
    <ClCompile Include="$(MSBuildThisFileDirectory)..\..\..\..\ortc\cpp\ortc_Certificate.cpp">
      <Filter>ortc\cpp</Filter>
    </ClCompile>
    <ClCompile Include="$(MSBuildThisFileDirectory)..\..\..\..\ortc\cpp\ortc_SCTPTransport.cpp">
      <Filter>ortc\cpp</Filter>
    </ClCompile>
    <ClCompile Include="$(MSBuildThisFileDirectory)..\..\..\..\ortc\cpp\ortc_SRTPTransport.cpp">
      <Filter>ortc\cpp</Filter>
    </ClCompile>
    <ClCompile Include="$(MSBuildThisFileDirectory)..\..\..\..\ortc\cpp\ortc_RTPListener.cpp">
      <Filter>ortc\cpp</Filter>
    </ClCompile>
    <ClCompile Include="$(MSBuildThisFileDirectory)..\..\..\..\ortc\cpp\ortc_MediaDevices.cpp">
      <Filter>ortc\cpp</Filter>
    </ClCompile>
    <ClCompile Include="$(MSBuildThisFileDirectory)..\..\..\..\ortc\cpp\ortc_Capabilities.cpp">
      <Filter>ortc\cpp</Filter>
    </ClCompile>
    <ClCompile Include="$(MSBuildThisFileDirectory)..\..\..\..\ortc\cpp\ortc_Constraints.cpp">
      <Filter>ortc\cpp</Filter>
    </ClCompile>
    <ClCompile Include="$(MSBuildThisFileDirectory)..\..\..\..\ortc\cpp\ortc_RTPTypes.cpp">
      <Filter>ortc\cpp</Filter>
    </ClCompile>
    <ClCompile Include="$(MSBuildThisFileDirectory)..\..\..\..\ortc\cpp\ortc_DataChannel.cpp">
      <Filter>ortc\cpp</Filter>
    </ClCompile>
    <ClCompile Include="$(MSBuildThisFileDirectory)..\..\..\..\ortc\cpp\ortc_DTMFSender.cpp">
      <Filter>ortc\cpp</Filter>
    </ClCompile>
    <ClCompile Include="$(MSBuildThisFileDirectory)..\..\..\..\ortc\cpp\ortc_Identity.cpp">
      <Filter>ortc\cpp</Filter>
    </ClCompile>
    <ClCompile Include="$(MSBuildThisFileDirectory)..\..\..\..\ortc\cpp\ortc_SCTPTransportListener.cpp">
      <Filter>ortc\cpp</Filter>
    </ClCompile>
    <ClCompile Include="$(MSBuildThisFileDirectory)..\..\..\..\ortc\cpp\ortc_RTPPacket.cpp">
      <Filter>ortc\cpp</Filter>
    </ClCompile>
    <ClCompile Include="$(MSBuildThisFileDirectory)..\..\..\..\ortc\cpp\ortc_RTCPPacket.cpp">
      <Filter>ortc\cpp</Filter>
    </ClCompile>
    <ClCompile Include="$(MSBuildThisFileDirectory)..\..\..\..\ortc\cpp\ortc_RTPUtils.cpp">
      <Filter>ortc\cpp</Filter>
    </ClCompile>
    <ClCompile Include="$(MSBuildThisFileDirectory)..\..\..\..\ortc\cpp\ortc_RTPReceiverChannel.cpp">
      <Filter>ortc\cpp</Filter>
    </ClCompile>
    <ClCompile Include="$(MSBuildThisFileDirectory)..\..\..\..\ortc\cpp\ortc_RTPSenderChannel.cpp">
      <Filter>ortc\cpp</Filter>
    </ClCompile>
    <ClCompile Include="$(MSBuildThisFileDirectory)..\..\..\..\ortc\cpp\ortc_StatsReport.cpp">
      <Filter>ortc\cpp</Filter>
    </ClCompile>
    <ClCompile Include="$(MSBuildThisFileDirectory)..\..\..\..\ortc\cpp\ortc_RTPReceiverChannelAudio.cpp">
      <Filter>ortc\cpp</Filter>
    </ClCompile>
    <ClCompile Include="$(MSBuildThisFileDirectory)..\..\..\..\ortc\cpp\ortc_RTPReceiverChannelMediaBase.cpp">
      <Filter>ortc\cpp</Filter>
    </ClCompile>
    <ClCompile Include="$(MSBuildThisFileDirectory)..\..\..\..\ortc\cpp\ortc_RTPReceiverChannelVideo.cpp">
      <Filter>ortc\cpp</Filter>
    </ClCompile>
    <ClCompile Include="$(MSBuildThisFileDirectory)..\..\..\..\ortc\cpp\ortc_RTPSenderChannelAudio.cpp">
      <Filter>ortc\cpp</Filter>
    </ClCompile>
    <ClCompile Include="$(MSBuildThisFileDirectory)..\..\..\..\ortc\cpp\ortc_RTPSenderChannelMediaBase.cpp">
      <Filter>ortc\cpp</Filter>
    </ClCompile>
    <ClCompile Include="$(MSBuildThisFileDirectory)..\..\..\..\ortc\cpp\ortc_RTPSenderChannelVideo.cpp">
      <Filter>ortc\cpp</Filter>
    </ClCompile>
    <ClCompile Include="$(MSBuildThisFileDirectory)..\..\..\..\ortc\cpp\ortc_RTPMediaEngine.cpp">
      <Filter>ortc\cpp</Filter>
    </ClCompile>
    <ClCompile Include="$(MSBuildThisFileDirectory)..\..\..\..\ortc\adapter\cpp\ortc_adapter_Helper.cpp">
      <Filter>ortc\adapter\cpp</Filter>
    </ClCompile>
    <ClCompile Include="$(MSBuildThisFileDirectory)..\..\..\..\ortc\adapter\cpp\ortc_adapter_SessionDescription.cpp">
      <Filter>ortc\adapter\cpp</Filter>
    </ClCompile>
    <ClCompile Include="$(MSBuildThisFileDirectory)..\..\..\..\ortc\adapter\cpp\ortc_adapter_adapter.cpp">
      <Filter>ortc\adapter\cpp</Filter>
    </ClCompile>
    <ClCompile Include="$(MSBuildThisFileDirectory)..\..\..\..\ortc\adapter\cpp\ortc_adapter_PeerConnection.cpp">
      <Filter>ortc\adapter\cpp</Filter>
    </ClCompile>
    <ClCompile Include="$(MSBuildThisFileDirectory)..\..\..\..\ortc\adapter\cpp\ortc_adapter_MediaStream.cpp">
      <Filter>ortc\adapter\cpp</Filter>
    </ClCompile>
    <ClCompile Include="$(MSBuildThisFileDirectory)..\..\..\..\ortc\adapter\cpp\ortc_adapter_SDPParser.cpp">
      <Filter>ortc\adapter\cpp</Filter>
    </ClCompile>
  </ItemGroup>
  <ItemGroup>
    <None Include="$(MSBuildThisFileDirectory)..\..\..\..\ortc\internal\ortc_ETWTracing.man">
      <Filter>ortc\internal</Filter>
    </None>
    <None Include="$(MSBuildThisFileDirectory)..\..\..\..\ortc\internal\ortc_ETWTracing.wprp">
      <Filter>ortc\internal</Filter>
    </None>
  </ItemGroup>
</Project>