<?xml version="1.0" encoding="utf-8"?>
<Project ToolsVersion="15.0" xmlns="http://schemas.microsoft.com/developer/msbuild/2003">
  <ItemGroup>
    <Filter Include="Resources">
      <UniqueIdentifier>accd3aa8-1ba0-4223-9bbe-0c431709210b</UniqueIdentifier>
      <Extensions>rc;ico;cur;bmp;dlg;rc2;rct;bin;rgs;gif;jpg;jpeg;jpe;resx;tga;tiff;tif;png;wav;mfcribbon-ms</Extensions>
    </Filter>
    <Filter Include="Generated Files">
      <UniqueIdentifier>{926ab91d-31b4-48c3-b9a4-e681349f27f0}</UniqueIdentifier>
    </Filter>
    <Filter Include="wrapper">
      <UniqueIdentifier>{4ccbe0ae-6cb7-4fb2-ae7d-588be78ad35d}</UniqueIdentifier>
    </Filter>
    <Filter Include="wrapper\generated">
      <UniqueIdentifier>{3779c05b-868e-4f43-83be-d831bb3e854d}</UniqueIdentifier>
    </Filter>
    <Filter Include="wrapper\override">
      <UniqueIdentifier>{812ae4ac-0c22-4a83-be60-1125d37c5eae}</UniqueIdentifier>
    </Filter>
    <Filter Include="wrapper\generated\cppwinrt">
      <UniqueIdentifier>{bb4e9c14-5cd3-466a-aa48-fd40795d792b}</UniqueIdentifier>
    </Filter>
    <Filter Include="wrapper\override\cppwinrt">
      <UniqueIdentifier>{6bd5827d-9a3f-4f8a-8f4d-9f2d29ab4729}</UniqueIdentifier>
    </Filter>
    <Filter Include="wrapper\override\msidl">
      <UniqueIdentifier>{f2694fe9-67a8-4d77-848c-7a2c163c3be8}</UniqueIdentifier>
    </Filter>
    <Filter Include="wrapper\generated\msidl">
      <UniqueIdentifier>{9de692b9-b253-4b3f-9c36-289773dd198c}</UniqueIdentifier>
    </Filter>
  </ItemGroup>
  <ItemGroup>
    <ClCompile Include="pch.cpp" />
    <ClCompile Include="Generated Files\module.g.cpp">
      <Filter>Generated Files</Filter>
    </ClCompile>
    <ClCompile Include="..\..\..\ortc\idl\wrapper\override\cppwinrt\Org.Ortc.EventQueue.cpp">
      <Filter>wrapper\override\cppwinrt</Filter>
    </ClCompile>
    <ClCompile Include="..\..\..\ortc\idl\wrapper\override\cppwinrt\Org.Ortc.MediaControl.cpp">
      <Filter>wrapper\override\cppwinrt</Filter>
    </ClCompile>
    <ClCompile Include="..\..\..\ortc\idl\wrapper\override\cppwinrt\Org.Ortc.MediaSource.cpp">
      <Filter>wrapper\override\cppwinrt</Filter>
    </ClCompile>
    <ClCompile Include="..\..\..\ortc\idl\wrapper\generated\cppwinrt\cppwinrt_Helpers.cpp">
      <Filter>wrapper\generated\cppwinrt</Filter>
    </ClCompile>
    <ClCompile Include="..\..\..\ortc\idl\wrapper\generated\cppwinrt\Org.Ortc.Adapter.MediaStream.cpp">
      <Filter>wrapper\generated\cppwinrt</Filter>
    </ClCompile>
    <ClCompile Include="..\..\..\ortc\idl\wrapper\generated\cppwinrt\Org.Ortc.Adapter.RTCAnswerOptions.cpp">
      <Filter>wrapper\generated\cppwinrt</Filter>
    </ClCompile>
    <ClCompile Include="..\..\..\ortc\idl\wrapper\generated\cppwinrt\Org.Ortc.Adapter.RTCCapabilityOptions.cpp">
      <Filter>wrapper\generated\cppwinrt</Filter>
    </ClCompile>
    <ClCompile Include="..\..\..\ortc\idl\wrapper\generated\cppwinrt\Org.Ortc.Adapter.RTCConfiguration.cpp">
      <Filter>wrapper\generated\cppwinrt</Filter>
    </ClCompile>
    <ClCompile Include="..\..\..\ortc\idl\wrapper\generated\cppwinrt\Org.Ortc.Adapter.RTCIceCandidate.cpp">
      <Filter>wrapper\generated\cppwinrt</Filter>
    </ClCompile>
    <ClCompile Include="..\..\..\ortc\idl\wrapper\generated\cppwinrt\Org.Ortc.Adapter.RTCMediaStreamTrackConfiguration.cpp">
      <Filter>wrapper\generated\cppwinrt</Filter>
    </ClCompile>
    <ClCompile Include="..\..\..\ortc\idl\wrapper\generated\cppwinrt\Org.Ortc.Adapter.RTCOfferAnswerOptions.cpp">
      <Filter>wrapper\generated\cppwinrt</Filter>
    </ClCompile>
    <ClCompile Include="..\..\..\ortc\idl\wrapper\generated\cppwinrt\Org.Ortc.Adapter.RTCOfferOptions.cpp">
      <Filter>wrapper\generated\cppwinrt</Filter>
    </ClCompile>
    <ClCompile Include="..\..\..\ortc\idl\wrapper\generated\cppwinrt\Org.Ortc.Adapter.RTCPeerConnection.cpp">
      <Filter>wrapper\generated\cppwinrt</Filter>
    </ClCompile>
    <ClCompile Include="..\..\..\ortc\idl\wrapper\generated\cppwinrt\Org.Ortc.Adapter.RTCPeerConnectionIceErrorEvent.cpp">
      <Filter>wrapper\generated\cppwinrt</Filter>
    </ClCompile>
    <ClCompile Include="..\..\..\ortc\idl\wrapper\generated\cppwinrt\Org.Ortc.Adapter.RTCPeerConnectionIceEvent.cpp">
      <Filter>wrapper\generated\cppwinrt</Filter>
    </ClCompile>
    <ClCompile Include="..\..\..\ortc\idl\wrapper\generated\cppwinrt\Org.Ortc.Adapter.RTCSessionDescription.cpp">
      <Filter>wrapper\generated\cppwinrt</Filter>
    </ClCompile>
    <ClCompile Include="..\..\..\ortc\idl\wrapper\generated\cppwinrt\Org.Ortc.Adapter.RTCSessionDescriptionConnectionData.cpp">
      <Filter>wrapper\generated\cppwinrt</Filter>
    </ClCompile>
    <ClCompile Include="..\..\..\ortc\idl\wrapper\generated\cppwinrt\Org.Ortc.Adapter.RTCSessionDescriptionConnectionDataDetails.cpp">
      <Filter>wrapper\generated\cppwinrt</Filter>
    </ClCompile>
    <ClCompile Include="..\..\..\ortc\idl\wrapper\generated\cppwinrt\Org.Ortc.Adapter.RTCSessionDescriptionDescription.cpp">
      <Filter>wrapper\generated\cppwinrt</Filter>
    </ClCompile>
    <ClCompile Include="..\..\..\ortc\idl\wrapper\generated\cppwinrt\Org.Ortc.Adapter.RTCSessionDescriptionDescriptionDetails.cpp">
      <Filter>wrapper\generated\cppwinrt</Filter>
    </ClCompile>
    <ClCompile Include="..\..\..\ortc\idl\wrapper\generated\cppwinrt\Org.Ortc.Adapter.RTCSessionDescriptionMediaLine.cpp">
      <Filter>wrapper\generated\cppwinrt</Filter>
    </ClCompile>
    <ClCompile Include="..\..\..\ortc\idl\wrapper\generated\cppwinrt\Org.Ortc.Adapter.RTCSessionDescriptionMediaLineDetails.cpp">
      <Filter>wrapper\generated\cppwinrt</Filter>
    </ClCompile>
    <ClCompile Include="..\..\..\ortc\idl\wrapper\generated\cppwinrt\Org.Ortc.Adapter.RTCSessionDescriptionRtpMediaLine.cpp">
      <Filter>wrapper\generated\cppwinrt</Filter>
    </ClCompile>
    <ClCompile Include="..\..\..\ortc\idl\wrapper\generated\cppwinrt\Org.Ortc.Adapter.RTCSessionDescriptionRtpSender.cpp">
      <Filter>wrapper\generated\cppwinrt</Filter>
    </ClCompile>
    <ClCompile Include="..\..\..\ortc\idl\wrapper\generated\cppwinrt\Org.Ortc.Adapter.RTCSessionDescriptionRtpSenderDetails.cpp">
      <Filter>wrapper\generated\cppwinrt</Filter>
    </ClCompile>
    <ClCompile Include="..\..\..\ortc\idl\wrapper\generated\cppwinrt\Org.Ortc.Adapter.RTCSessionDescriptionSctpMediaLine.cpp">
      <Filter>wrapper\generated\cppwinrt</Filter>
    </ClCompile>
    <ClCompile Include="..\..\..\ortc\idl\wrapper\generated\cppwinrt\Org.Ortc.Adapter.RTCSessionDescriptionTransport.cpp">
      <Filter>wrapper\generated\cppwinrt</Filter>
    </ClCompile>
    <ClCompile Include="..\..\..\ortc\idl\wrapper\generated\cppwinrt\Org.Ortc.Adapter.RTCSessionDescriptionTransportParameters.cpp">
      <Filter>wrapper\generated\cppwinrt</Filter>
    </ClCompile>
    <ClCompile Include="..\..\..\ortc\idl\wrapper\generated\cppwinrt\Org.Ortc.Adapter.RTCTrackEvent.cpp">
      <Filter>wrapper\generated\cppwinrt</Filter>
    </ClCompile>
    <ClCompile Include="..\..\..\ortc\idl\wrapper\generated\cppwinrt\Org.Ortc.ConstrainBoolean.cpp">
      <Filter>wrapper\generated\cppwinrt</Filter>
    </ClCompile>
    <ClCompile Include="..\..\..\ortc\idl\wrapper\generated\cppwinrt\Org.Ortc.ConstrainBooleanParameters.cpp">
      <Filter>wrapper\generated\cppwinrt</Filter>
    </ClCompile>
    <ClCompile Include="..\..\..\ortc\idl\wrapper\generated\cppwinrt\Org.Ortc.ConstrainDouble.cpp">
      <Filter>wrapper\generated\cppwinrt</Filter>
    </ClCompile>
    <ClCompile Include="..\..\..\ortc\idl\wrapper\generated\cppwinrt\Org.Ortc.ConstrainDoubleRange.cpp">
      <Filter>wrapper\generated\cppwinrt</Filter>
    </ClCompile>
    <ClCompile Include="..\..\..\ortc\idl\wrapper\generated\cppwinrt\Org.Ortc.ConstrainLong.cpp">
      <Filter>wrapper\generated\cppwinrt</Filter>
    </ClCompile>
    <ClCompile Include="..\..\..\ortc\idl\wrapper\generated\cppwinrt\Org.Ortc.ConstrainLongRange.cpp">
      <Filter>wrapper\generated\cppwinrt</Filter>
    </ClCompile>
    <ClCompile Include="..\..\..\ortc\idl\wrapper\generated\cppwinrt\Org.Ortc.ConstrainString.cpp">
      <Filter>wrapper\generated\cppwinrt</Filter>
    </ClCompile>
    <ClCompile Include="..\..\..\ortc\idl\wrapper\generated\cppwinrt\Org.Ortc.ConstrainStringParameters.cpp">
      <Filter>wrapper\generated\cppwinrt</Filter>
    </ClCompile>
    <ClCompile Include="..\..\..\ortc\idl\wrapper\generated\cppwinrt\Org.Ortc.DoubleRange.cpp">
      <Filter>wrapper\generated\cppwinrt</Filter>
    </ClCompile>
    <ClCompile Include="..\..\..\ortc\idl\wrapper\generated\cppwinrt\Org.Ortc.Error.cpp">
      <Filter>wrapper\generated\cppwinrt</Filter>
    </ClCompile>
    <ClCompile Include="..\..\..\ortc\idl\wrapper\generated\cppwinrt\Org.Ortc.ErrorEvent.cpp">
      <Filter>wrapper\generated\cppwinrt</Filter>
    </ClCompile>
    <ClCompile Include="..\..\..\ortc\idl\wrapper\generated\cppwinrt\Org.Ortc.EventQueue.cpp">
      <Filter>wrapper\generated\cppwinrt</Filter>
    </ClCompile>
    <ClCompile Include="..\..\..\ortc\idl\wrapper\generated\cppwinrt\Org.Ortc.Json.cpp">
      <Filter>wrapper\generated\cppwinrt</Filter>
    </ClCompile>
    <ClCompile Include="..\..\..\ortc\idl\wrapper\generated\cppwinrt\Org.Ortc.Logger.cpp">
      <Filter>wrapper\generated\cppwinrt</Filter>
    </ClCompile>
    <ClCompile Include="..\..\..\ortc\idl\wrapper\generated\cppwinrt\Org.Ortc.LongRange.cpp">
      <Filter>wrapper\generated\cppwinrt</Filter>
    </ClCompile>
    <ClCompile Include="..\..\..\ortc\idl\wrapper\generated\cppwinrt\Org.Ortc.MediaControl.cpp">
      <Filter>wrapper\generated\cppwinrt</Filter>
    </ClCompile>
    <ClCompile Include="..\..\..\ortc\idl\wrapper\generated\cppwinrt\Org.Ortc.MediaDeviceInfo.cpp">
      <Filter>wrapper\generated\cppwinrt</Filter>
    </ClCompile>
    <ClCompile Include="..\..\..\ortc\idl\wrapper\generated\cppwinrt\Org.Ortc.MediaDevices.cpp">
      <Filter>wrapper\generated\cppwinrt</Filter>
    </ClCompile>
    <ClCompile Include="..\..\..\ortc\idl\wrapper\generated\cppwinrt\Org.Ortc.MediaSource.cpp">
      <Filter>wrapper\generated\cppwinrt</Filter>
    </ClCompile>
    <ClCompile Include="..\..\..\ortc\idl\wrapper\generated\cppwinrt\Org.Ortc.MediaStreamConstraints.cpp">
      <Filter>wrapper\generated\cppwinrt</Filter>
    </ClCompile>
    <ClCompile Include="..\..\..\ortc\idl\wrapper\generated\cppwinrt\Org.Ortc.MediaStreamTrack.cpp">
      <Filter>wrapper\generated\cppwinrt</Filter>
    </ClCompile>
    <ClCompile Include="..\..\..\ortc\idl\wrapper\generated\cppwinrt\Org.Ortc.MediaTrackCapabilities.cpp">
      <Filter>wrapper\generated\cppwinrt</Filter>
    </ClCompile>
    <ClCompile Include="..\..\..\ortc\idl\wrapper\generated\cppwinrt\Org.Ortc.MediaTrackConstraints.cpp">
      <Filter>wrapper\generated\cppwinrt</Filter>
    </ClCompile>
    <ClCompile Include="..\..\..\ortc\idl\wrapper\generated\cppwinrt\Org.Ortc.MediaTrackConstraintSet.cpp">
      <Filter>wrapper\generated\cppwinrt</Filter>
    </ClCompile>
    <ClCompile Include="..\..\..\ortc\idl\wrapper\generated\cppwinrt\Org.Ortc.MediaTrackSettings.cpp">
      <Filter>wrapper\generated\cppwinrt</Filter>
    </ClCompile>
    <ClCompile Include="..\..\..\ortc\idl\wrapper\generated\cppwinrt\Org.Ortc.MediaTrackSupportedConstraints.cpp">
      <Filter>wrapper\generated\cppwinrt</Filter>
    </ClCompile>
    <ClCompile Include="..\..\..\ortc\idl\wrapper\generated\cppwinrt\Org.Ortc.OrtcLib.cpp">
      <Filter>wrapper\generated\cppwinrt</Filter>
    </ClCompile>
    <ClCompile Include="..\..\..\ortc\idl\wrapper\generated\cppwinrt\Org.Ortc.OverconstrainedError.cpp">
      <Filter>wrapper\generated\cppwinrt</Filter>
    </ClCompile>
    <ClCompile Include="..\..\..\ortc\idl\wrapper\generated\cppwinrt\Org.Ortc.OverconstrainedErrorEvent.cpp">
      <Filter>wrapper\generated\cppwinrt</Filter>
    </ClCompile>
    <ClCompile Include="..\..\..\ortc\idl\wrapper\generated\cppwinrt\Org.Ortc.RTCCertificate.cpp">
      <Filter>wrapper\generated\cppwinrt</Filter>
    </ClCompile>
    <ClCompile Include="..\..\..\ortc\idl\wrapper\generated\cppwinrt\Org.Ortc.RTCCertificateStats.cpp">
      <Filter>wrapper\generated\cppwinrt</Filter>
    </ClCompile>
    <ClCompile Include="..\..\..\ortc\idl\wrapper\generated\cppwinrt\Org.Ortc.RTCCodec.cpp">
      <Filter>wrapper\generated\cppwinrt</Filter>
    </ClCompile>
    <ClCompile Include="..\..\..\ortc\idl\wrapper\generated\cppwinrt\Org.Ortc.RTCDataChannel.cpp">
      <Filter>wrapper\generated\cppwinrt</Filter>
    </ClCompile>
    <ClCompile Include="..\..\..\ortc\idl\wrapper\generated\cppwinrt\Org.Ortc.RTCDataChannelEvent.cpp">
      <Filter>wrapper\generated\cppwinrt</Filter>
    </ClCompile>
    <ClCompile Include="..\..\..\ortc\idl\wrapper\generated\cppwinrt\Org.Ortc.RTCDataChannelParameters.cpp">
      <Filter>wrapper\generated\cppwinrt</Filter>
    </ClCompile>
    <ClCompile Include="..\..\..\ortc\idl\wrapper\generated\cppwinrt\Org.Ortc.RTCDataChannelStateChangeEvent.cpp">
      <Filter>wrapper\generated\cppwinrt</Filter>
    </ClCompile>
    <ClCompile Include="..\..\..\ortc\idl\wrapper\generated\cppwinrt\Org.Ortc.RTCDataChannelStats.cpp">
      <Filter>wrapper\generated\cppwinrt</Filter>
    </ClCompile>
    <ClCompile Include="..\..\..\ortc\idl\wrapper\generated\cppwinrt\Org.Ortc.RTCDataTransport.cpp">
      <Filter>wrapper\generated\cppwinrt</Filter>
    </ClCompile>
    <ClCompile Include="..\..\..\ortc\idl\wrapper\generated\cppwinrt\Org.Ortc.RTCDtlsCertificateBinary.cpp">
      <Filter>wrapper\generated\cppwinrt</Filter>
    </ClCompile>
    <ClCompile Include="..\..\..\ortc\idl\wrapper\generated\cppwinrt\Org.Ortc.RTCDtlsFingerprint.cpp">
      <Filter>wrapper\generated\cppwinrt</Filter>
    </ClCompile>
    <ClCompile Include="..\..\..\ortc\idl\wrapper\generated\cppwinrt\Org.Ortc.RTCDtlsParameters.cpp">
      <Filter>wrapper\generated\cppwinrt</Filter>
    </ClCompile>
    <ClCompile Include="..\..\..\ortc\idl\wrapper\generated\cppwinrt\Org.Ortc.RTCDtlsTransport.cpp">
      <Filter>wrapper\generated\cppwinrt</Filter>
    </ClCompile>
    <ClCompile Include="..\..\..\ortc\idl\wrapper\generated\cppwinrt\Org.Ortc.RTCDtlsTransportStateChangeEvent.cpp">
      <Filter>wrapper\generated\cppwinrt</Filter>
    </ClCompile>
    <ClCompile Include="..\..\..\ortc\idl\wrapper\generated\cppwinrt\Org.Ortc.RTCDtlsTransportStats.cpp">
      <Filter>wrapper\generated\cppwinrt</Filter>
    </ClCompile>
    <ClCompile Include="..\..\..\ortc\idl\wrapper\generated\cppwinrt\Org.Ortc.RTCDtmfSender.cpp">
      <Filter>wrapper\generated\cppwinrt</Filter>
    </ClCompile>
    <ClCompile Include="..\..\..\ortc\idl\wrapper\generated\cppwinrt\Org.Ortc.RTCDtmfToneChangeEvent.cpp">
      <Filter>wrapper\generated\cppwinrt</Filter>
    </ClCompile>
    <ClCompile Include="..\..\..\ortc\idl\wrapper\generated\cppwinrt\Org.Ortc.RTCIceCandidate.cpp">
      <Filter>wrapper\generated\cppwinrt</Filter>
    </ClCompile>
    <ClCompile Include="..\..\..\ortc\idl\wrapper\generated\cppwinrt\Org.Ortc.RTCIceCandidateAttributes.cpp">
      <Filter>wrapper\generated\cppwinrt</Filter>
    </ClCompile>
    <ClCompile Include="..\..\..\ortc\idl\wrapper\generated\cppwinrt\Org.Ortc.RTCIceCandidateComplete.cpp">
      <Filter>wrapper\generated\cppwinrt</Filter>
    </ClCompile>
    <ClCompile Include="..\..\..\ortc\idl\wrapper\generated\cppwinrt\Org.Ortc.RTCIceCandidatePair.cpp">
      <Filter>wrapper\generated\cppwinrt</Filter>
    </ClCompile>
    <ClCompile Include="..\..\..\ortc\idl\wrapper\generated\cppwinrt\Org.Ortc.RTCIceCandidatePairChangeEvent.cpp">
      <Filter>wrapper\generated\cppwinrt</Filter>
    </ClCompile>
    <ClCompile Include="..\..\..\ortc\idl\wrapper\generated\cppwinrt\Org.Ortc.RTCIceCandidatePairStats.cpp">
      <Filter>wrapper\generated\cppwinrt</Filter>
    </ClCompile>
    <ClCompile Include="..\..\..\ortc\idl\wrapper\generated\cppwinrt\Org.Ortc.RTCIceGatherer.cpp">
      <Filter>wrapper\generated\cppwinrt</Filter>
    </ClCompile>
    <ClCompile Include="..\..\..\ortc\idl\wrapper\generated\cppwinrt\Org.Ortc.RTCIceGathererCandidate.cpp">
      <Filter>wrapper\generated\cppwinrt</Filter>
    </ClCompile>
    <ClCompile Include="..\..\..\ortc\idl\wrapper\generated\cppwinrt\Org.Ortc.RTCIceGathererCandidateCompleteEvent.cpp">
      <Filter>wrapper\generated\cppwinrt</Filter>
    </ClCompile>
    <ClCompile Include="..\..\..\ortc\idl\wrapper\generated\cppwinrt\Org.Ortc.RTCIceGathererCandidateEvent.cpp">
      <Filter>wrapper\generated\cppwinrt</Filter>
    </ClCompile>
    <ClCompile Include="..\..\..\ortc\idl\wrapper\generated\cppwinrt\Org.Ortc.RTCIceGathererIceErrorEvent.cpp">
      <Filter>wrapper\generated\cppwinrt</Filter>
    </ClCompile>
    <ClCompile Include="..\..\..\ortc\idl\wrapper\generated\cppwinrt\Org.Ortc.RTCIceGathererStateChangeEvent.cpp">
      <Filter>wrapper\generated\cppwinrt</Filter>
    </ClCompile>
    <ClCompile Include="..\..\..\ortc\idl\wrapper\generated\cppwinrt\Org.Ortc.RTCIceGathererStats.cpp">
      <Filter>wrapper\generated\cppwinrt</Filter>
    </ClCompile>
    <ClCompile Include="..\..\..\ortc\idl\wrapper\generated\cppwinrt\Org.Ortc.RTCIceGatherInterfacePolicy.cpp">
      <Filter>wrapper\generated\cppwinrt</Filter>
    </ClCompile>
    <ClCompile Include="..\..\..\ortc\idl\wrapper\generated\cppwinrt\Org.Ortc.RTCIceGatherOptions.cpp">
      <Filter>wrapper\generated\cppwinrt</Filter>
    </ClCompile>
    <ClCompile Include="..\..\..\ortc\idl\wrapper\generated\cppwinrt\Org.Ortc.RTCIceParameters.cpp">
      <Filter>wrapper\generated\cppwinrt</Filter>
    </ClCompile>
    <ClCompile Include="..\..\..\ortc\idl\wrapper\generated\cppwinrt\Org.Ortc.RTCIceServer.cpp">
      <Filter>wrapper\generated\cppwinrt</Filter>
    </ClCompile>
    <ClCompile Include="..\..\..\ortc\idl\wrapper\generated\cppwinrt\Org.Ortc.RTCIceTransport.cpp">
      <Filter>wrapper\generated\cppwinrt</Filter>
    </ClCompile>
    <ClCompile Include="..\..\..\ortc\idl\wrapper\generated\cppwinrt\Org.Ortc.RTCIceTransportController.cpp">
      <Filter>wrapper\generated\cppwinrt</Filter>
    </ClCompile>
    <ClCompile Include="..\..\..\ortc\idl\wrapper\generated\cppwinrt\Org.Ortc.RTCIceTransportOptions.cpp">
      <Filter>wrapper\generated\cppwinrt</Filter>
    </ClCompile>
    <ClCompile Include="..\..\..\ortc\idl\wrapper\generated\cppwinrt\Org.Ortc.RTCIceTransportStateChangeEvent.cpp">
      <Filter>wrapper\generated\cppwinrt</Filter>
    </ClCompile>
    <ClCompile Include="..\..\..\ortc\idl\wrapper\generated\cppwinrt\Org.Ortc.RTCIceTransportStats.cpp">
      <Filter>wrapper\generated\cppwinrt</Filter>
    </ClCompile>
    <ClCompile Include="..\..\..\ortc\idl\wrapper\generated\cppwinrt\Org.Ortc.RTCIdentity.cpp">
      <Filter>wrapper\generated\cppwinrt</Filter>
    </ClCompile>
    <ClCompile Include="..\..\..\ortc\idl\wrapper\generated\cppwinrt\Org.Ortc.RTCIdentityAssertion.cpp">
      <Filter>wrapper\generated\cppwinrt</Filter>
    </ClCompile>
    <ClCompile Include="..\..\..\ortc\idl\wrapper\generated\cppwinrt\Org.Ortc.RTCIdentityError.cpp">
      <Filter>wrapper\generated\cppwinrt</Filter>
    </ClCompile>
    <ClCompile Include="..\..\..\ortc\idl\wrapper\generated\cppwinrt\Org.Ortc.RTCIdentityResult.cpp">
      <Filter>wrapper\generated\cppwinrt</Filter>
    </ClCompile>
    <ClCompile Include="..\..\..\ortc\idl\wrapper\generated\cppwinrt\Org.Ortc.RTCInboundRtpStreamStats.cpp">
      <Filter>wrapper\generated\cppwinrt</Filter>
    </ClCompile>
    <ClCompile Include="..\..\..\ortc\idl\wrapper\generated\cppwinrt\Org.Ortc.RTCMediaStreamStats.cpp">
      <Filter>wrapper\generated\cppwinrt</Filter>
    </ClCompile>
    <ClCompile Include="..\..\..\ortc\idl\wrapper\generated\cppwinrt\Org.Ortc.RTCMediaStreamTrackStats.cpp">
      <Filter>wrapper\generated\cppwinrt</Filter>
    </ClCompile>
    <ClCompile Include="..\..\..\ortc\idl\wrapper\generated\cppwinrt\Org.Ortc.RTCMessageEvent.cpp">
      <Filter>wrapper\generated\cppwinrt</Filter>
    </ClCompile>
    <ClCompile Include="..\..\..\ortc\idl\wrapper\generated\cppwinrt\Org.Ortc.RTCOutboundRtpStreamStats.cpp">
      <Filter>wrapper\generated\cppwinrt</Filter>
    </ClCompile>
    <ClCompile Include="..\..\..\ortc\idl\wrapper\generated\cppwinrt\Org.Ortc.RTCRtcpFeedback.cpp">
      <Filter>wrapper\generated\cppwinrt</Filter>
    </ClCompile>
    <ClCompile Include="..\..\..\ortc\idl\wrapper\generated\cppwinrt\Org.Ortc.RTCRtcpParameters.cpp">
      <Filter>wrapper\generated\cppwinrt</Filter>
    </ClCompile>
    <ClCompile Include="..\..\..\ortc\idl\wrapper\generated\cppwinrt\Org.Ortc.RTCRtcpTransport.cpp">
      <Filter>wrapper\generated\cppwinrt</Filter>
    </ClCompile>
    <ClCompile Include="..\..\..\ortc\idl\wrapper\generated\cppwinrt\Org.Ortc.RTCRtpCapabilities.cpp">
      <Filter>wrapper\generated\cppwinrt</Filter>
    </ClCompile>
    <ClCompile Include="..\..\..\ortc\idl\wrapper\generated\cppwinrt\Org.Ortc.RTCRtpCodecCapability.cpp">
      <Filter>wrapper\generated\cppwinrt</Filter>
    </ClCompile>
    <ClCompile Include="..\..\..\ortc\idl\wrapper\generated\cppwinrt\Org.Ortc.RTCRtpCodecCapabilityOptions.cpp">
      <Filter>wrapper\generated\cppwinrt</Filter>
    </ClCompile>
    <ClCompile Include="..\..\..\ortc\idl\wrapper\generated\cppwinrt\Org.Ortc.RTCRtpCodecCapabilityParameters.cpp">
      <Filter>wrapper\generated\cppwinrt</Filter>
    </ClCompile>
    <ClCompile Include="..\..\..\ortc\idl\wrapper\generated\cppwinrt\Org.Ortc.RTCRtpCodecParameters.cpp">
      <Filter>wrapper\generated\cppwinrt</Filter>
    </ClCompile>
    <ClCompile Include="..\..\..\ortc\idl\wrapper\generated\cppwinrt\Org.Ortc.RTCRtpCodecParameterSettings.cpp">
      <Filter>wrapper\generated\cppwinrt</Filter>
    </ClCompile>
    <ClCompile Include="..\..\..\ortc\idl\wrapper\generated\cppwinrt\Org.Ortc.RTCRtpContributingSource.cpp">
      <Filter>wrapper\generated\cppwinrt</Filter>
    </ClCompile>
    <ClCompile Include="..\..\..\ortc\idl\wrapper\generated\cppwinrt\Org.Ortc.RTCRtpEncodingParameters.cpp">
      <Filter>wrapper\generated\cppwinrt</Filter>
    </ClCompile>
    <ClCompile Include="..\..\..\ortc\idl\wrapper\generated\cppwinrt\Org.Ortc.RTCRtpFecParameters.cpp">
      <Filter>wrapper\generated\cppwinrt</Filter>
    </ClCompile>
    <ClCompile Include="..\..\..\ortc\idl\wrapper\generated\cppwinrt\Org.Ortc.RTCRtpFlexFecCodecCapabilityParameters.cpp">
      <Filter>wrapper\generated\cppwinrt</Filter>
    </ClCompile>
    <ClCompile Include="..\..\..\ortc\idl\wrapper\generated\cppwinrt\Org.Ortc.RTCRtpFlexFecCodecParameterSettings.cpp">
      <Filter>wrapper\generated\cppwinrt</Filter>
    </ClCompile>
    <ClCompile Include="..\..\..\ortc\idl\wrapper\generated\cppwinrt\Org.Ortc.RTCRtpH264CodecCapabilityParameters.cpp">
      <Filter>wrapper\generated\cppwinrt</Filter>
    </ClCompile>
    <ClCompile Include="..\..\..\ortc\idl\wrapper\generated\cppwinrt\Org.Ortc.RTCRtpH264CodecParameterSettings.cpp">
      <Filter>wrapper\generated\cppwinrt</Filter>
    </ClCompile>
    <ClCompile Include="..\..\..\ortc\idl\wrapper\generated\cppwinrt\Org.Ortc.RTCRtpHeaderExtension.cpp">
      <Filter>wrapper\generated\cppwinrt</Filter>
    </ClCompile>
    <ClCompile Include="..\..\..\ortc\idl\wrapper\generated\cppwinrt\Org.Ortc.RTCRtpHeaderExtensionParameters.cpp">
      <Filter>wrapper\generated\cppwinrt</Filter>
    </ClCompile>
    <ClCompile Include="..\..\..\ortc\idl\wrapper\generated\cppwinrt\Org.Ortc.RTCRtpListener.cpp">
      <Filter>wrapper\generated\cppwinrt</Filter>
    </ClCompile>
    <ClCompile Include="..\..\..\ortc\idl\wrapper\generated\cppwinrt\Org.Ortc.RTCRtpOpusCodecCapabilityOptions.cpp">
      <Filter>wrapper\generated\cppwinrt</Filter>
    </ClCompile>
    <ClCompile Include="..\..\..\ortc\idl\wrapper\generated\cppwinrt\Org.Ortc.RTCRtpOpusCodecCapabilityParameters.cpp">
      <Filter>wrapper\generated\cppwinrt</Filter>
    </ClCompile>
    <ClCompile Include="..\..\..\ortc\idl\wrapper\generated\cppwinrt\Org.Ortc.RTCRtpOpusCodecParameterSettings.cpp">
      <Filter>wrapper\generated\cppwinrt</Filter>
    </ClCompile>
    <ClCompile Include="..\..\..\ortc\idl\wrapper\generated\cppwinrt\Org.Ortc.RTCRtpParameters.cpp">
      <Filter>wrapper\generated\cppwinrt</Filter>
    </ClCompile>
    <ClCompile Include="..\..\..\ortc\idl\wrapper\generated\cppwinrt\Org.Ortc.RTCRtpReceiver.cpp">
      <Filter>wrapper\generated\cppwinrt</Filter>
    </ClCompile>
    <ClCompile Include="..\..\..\ortc\idl\wrapper\generated\cppwinrt\Org.Ortc.RTCRtpRedCodecParameterSettings.cpp">
      <Filter>wrapper\generated\cppwinrt</Filter>
    </ClCompile>
    <ClCompile Include="..\..\..\ortc\idl\wrapper\generated\cppwinrt\Org.Ortc.RTCRtpRtxCodecCapabilityParameters.cpp">
      <Filter>wrapper\generated\cppwinrt</Filter>
    </ClCompile>
    <ClCompile Include="..\..\..\ortc\idl\wrapper\generated\cppwinrt\Org.Ortc.RTCRtpRtxCodecParameterSettings.cpp">
      <Filter>wrapper\generated\cppwinrt</Filter>
    </ClCompile>
    <ClCompile Include="..\..\..\ortc\idl\wrapper\generated\cppwinrt\Org.Ortc.RTCRtpRtxParameters.cpp">
      <Filter>wrapper\generated\cppwinrt</Filter>
    </ClCompile>
    <ClCompile Include="..\..\..\ortc\idl\wrapper\generated\cppwinrt\Org.Ortc.RTCRtpSender.cpp">
      <Filter>wrapper\generated\cppwinrt</Filter>
    </ClCompile>
    <ClCompile Include="..\..\..\ortc\idl\wrapper\generated\cppwinrt\Org.Ortc.RTCRtpStreamStats.cpp">
      <Filter>wrapper\generated\cppwinrt</Filter>
    </ClCompile>
    <ClCompile Include="..\..\..\ortc\idl\wrapper\generated\cppwinrt\Org.Ortc.RTCRtpTransport.cpp">
      <Filter>wrapper\generated\cppwinrt</Filter>
    </ClCompile>
    <ClCompile Include="..\..\..\ortc\idl\wrapper\generated\cppwinrt\Org.Ortc.RTCRtpUnhandledEvent.cpp">
      <Filter>wrapper\generated\cppwinrt</Filter>
    </ClCompile>
    <ClCompile Include="..\..\..\ortc\idl\wrapper\generated\cppwinrt\Org.Ortc.RTCRtpVp8CodecCapabilityParameters.cpp">
      <Filter>wrapper\generated\cppwinrt</Filter>
    </ClCompile>
    <ClCompile Include="..\..\..\ortc\idl\wrapper\generated\cppwinrt\Org.Ortc.RTCRtpVp8CodecParameterSettings.cpp">
      <Filter>wrapper\generated\cppwinrt</Filter>
    </ClCompile>
    <ClCompile Include="..\..\..\ortc\idl\wrapper\generated\cppwinrt\Org.Ortc.RTCSctpCapabilities.cpp">
      <Filter>wrapper\generated\cppwinrt</Filter>
    </ClCompile>
    <ClCompile Include="..\..\..\ortc\idl\wrapper\generated\cppwinrt\Org.Ortc.RTCSctpTransport.cpp">
      <Filter>wrapper\generated\cppwinrt</Filter>
    </ClCompile>
    <ClCompile Include="..\..\..\ortc\idl\wrapper\generated\cppwinrt\Org.Ortc.RTCSctpTransportListener.cpp">
      <Filter>wrapper\generated\cppwinrt</Filter>
    </ClCompile>
    <ClCompile Include="..\..\..\ortc\idl\wrapper\generated\cppwinrt\Org.Ortc.RTCSctpTransportListenerEvent.cpp">
      <Filter>wrapper\generated\cppwinrt</Filter>
    </ClCompile>
    <ClCompile Include="..\..\..\ortc\idl\wrapper\generated\cppwinrt\Org.Ortc.RTCSctpTransportStateChangeEvent.cpp">
      <Filter>wrapper\generated\cppwinrt</Filter>
    </ClCompile>
    <ClCompile Include="..\..\..\ortc\idl\wrapper\generated\cppwinrt\Org.Ortc.RTCSctpTransportStats.cpp">
      <Filter>wrapper\generated\cppwinrt</Filter>
    </ClCompile>
    <ClCompile Include="..\..\..\ortc\idl\wrapper\generated\cppwinrt\Org.Ortc.RTCSrtpSdesCryptoParameters.cpp">
      <Filter>wrapper\generated\cppwinrt</Filter>
    </ClCompile>
    <ClCompile Include="..\..\..\ortc\idl\wrapper\generated\cppwinrt\Org.Ortc.RTCSrtpSdesKeyParameters.cpp">
      <Filter>wrapper\generated\cppwinrt</Filter>
    </ClCompile>
    <ClCompile Include="..\..\..\ortc\idl\wrapper\generated\cppwinrt\Org.Ortc.RTCSrtpSdesParameters.cpp">
      <Filter>wrapper\generated\cppwinrt</Filter>
    </ClCompile>
    <ClCompile Include="..\..\..\ortc\idl\wrapper\generated\cppwinrt\Org.Ortc.RTCSrtpSdesTransport.cpp">
      <Filter>wrapper\generated\cppwinrt</Filter>
    </ClCompile>
    <ClCompile Include="..\..\..\ortc\idl\wrapper\generated\cppwinrt\Org.Ortc.RTCSrtpSdesTransportLifetimeRemainingEvent.cpp">
      <Filter>wrapper\generated\cppwinrt</Filter>
    </ClCompile>
    <ClCompile Include="..\..\..\ortc\idl\wrapper\generated\cppwinrt\Org.Ortc.RTCSrtpTransportStats.cpp">
      <Filter>wrapper\generated\cppwinrt</Filter>
    </ClCompile>
    <ClCompile Include="..\..\..\ortc\idl\wrapper\generated\cppwinrt\Org.Ortc.RTCSsrcConflictEvent.cpp">
      <Filter>wrapper\generated\cppwinrt</Filter>
    </ClCompile>
    <ClCompile Include="..\..\..\ortc\idl\wrapper\generated\cppwinrt\Org.Ortc.RTCStats.cpp">
      <Filter>wrapper\generated\cppwinrt</Filter>
    </ClCompile>
    <ClCompile Include="..\..\..\ortc\idl\wrapper\generated\cppwinrt\Org.Ortc.RTCStatsProvider.cpp">
      <Filter>wrapper\generated\cppwinrt</Filter>
    </ClCompile>
    <ClCompile Include="..\..\..\ortc\idl\wrapper\generated\cppwinrt\Org.Ortc.RTCStatsReport.cpp">
      <Filter>wrapper\generated\cppwinrt</Filter>
    </ClCompile>
    <ClCompile Include="..\..\..\ortc\idl\wrapper\generated\cppwinrt\Org.Ortc.RTCStatsTypeSet.cpp">
      <Filter>wrapper\generated\cppwinrt</Filter>
    </ClCompile>
    <ClCompile Include="..\..\..\ortc\idl\wrapper\generated\cppwinrt\Org.Ortc.Settings.cpp">
      <Filter>wrapper\generated\cppwinrt</Filter>
    </ClCompile>
    <ClCompile Include="..\..\..\ortc\idl\wrapper\generated\cppwinrt\Org.Ortc.StringOrStringList.cpp">
      <Filter>wrapper\generated\cppwinrt</Filter>
    </ClCompile>
    <ClCompile Include="..\..\..\ortc\idl\wrapper\override\cppwinrt\Org.Ortc.EventQueueMaker.cpp">
      <Filter>wrapper\override\cppwinrt</Filter>
    </ClCompile>
    <ClCompile Include="..\..\..\ortc\idl\wrapper\generated\cppwinrt\Org.Ortc.EventQueueMaker.cpp">
      <Filter>wrapper\generated\cppwinrt</Filter>
    </ClCompile>
  </ItemGroup>
  <ItemGroup>
    <ClInclude Include="pch.h" />
    <ClInclude Include="..\..\..\ortc\idl\wrapper\override\cppwinrt\Org.Ortc.EventQueue.h">
      <Filter>wrapper\override\cppwinrt</Filter>
    </ClInclude>
    <ClInclude Include="..\..\..\ortc\idl\wrapper\override\cppwinrt\Org.Ortc.MediaControl.h">
      <Filter>wrapper\override\cppwinrt</Filter>
    </ClInclude>
    <ClInclude Include="..\..\..\ortc\idl\wrapper\override\cppwinrt\Org.Ortc.MediaSource.h">
      <Filter>wrapper\override\cppwinrt</Filter>
    </ClInclude>
    <ClInclude Include="..\..\..\ortc\idl\wrapper\generated\cppwinrt\cppwinrt_Helpers.h">
      <Filter>wrapper\generated\cppwinrt</Filter>
    </ClInclude>
    <ClInclude Include="..\..\..\ortc\idl\wrapper\generated\cppwinrt\Org.Ortc.Adapter.MediaStream.h">
      <Filter>wrapper\generated\cppwinrt</Filter>
    </ClInclude>
    <ClInclude Include="..\..\..\ortc\idl\wrapper\generated\cppwinrt\Org.Ortc.Adapter.RTCAnswerOptions.h">
      <Filter>wrapper\generated\cppwinrt</Filter>
    </ClInclude>
    <ClInclude Include="..\..\..\ortc\idl\wrapper\generated\cppwinrt\Org.Ortc.Adapter.RTCCapabilityOptions.h">
      <Filter>wrapper\generated\cppwinrt</Filter>
    </ClInclude>
    <ClInclude Include="..\..\..\ortc\idl\wrapper\generated\cppwinrt\Org.Ortc.Adapter.RTCConfiguration.h">
      <Filter>wrapper\generated\cppwinrt</Filter>
    </ClInclude>
    <ClInclude Include="..\..\..\ortc\idl\wrapper\generated\cppwinrt\Org.Ortc.Adapter.RTCIceCandidate.h">
      <Filter>wrapper\generated\cppwinrt</Filter>
    </ClInclude>
    <ClInclude Include="..\..\..\ortc\idl\wrapper\generated\cppwinrt\Org.Ortc.Adapter.RTCMediaStreamTrackConfiguration.h">
      <Filter>wrapper\generated\cppwinrt</Filter>
    </ClInclude>
    <ClInclude Include="..\..\..\ortc\idl\wrapper\generated\cppwinrt\Org.Ortc.Adapter.RTCOfferAnswerOptions.h">
      <Filter>wrapper\generated\cppwinrt</Filter>
    </ClInclude>
    <ClInclude Include="..\..\..\ortc\idl\wrapper\generated\cppwinrt\Org.Ortc.Adapter.RTCOfferOptions.h">
      <Filter>wrapper\generated\cppwinrt</Filter>
    </ClInclude>
    <ClInclude Include="..\..\..\ortc\idl\wrapper\generated\cppwinrt\Org.Ortc.Adapter.RTCPeerConnection.h">
      <Filter>wrapper\generated\cppwinrt</Filter>
    </ClInclude>
    <ClInclude Include="..\..\..\ortc\idl\wrapper\generated\cppwinrt\Org.Ortc.Adapter.RTCPeerConnectionIceErrorEvent.h">
      <Filter>wrapper\generated\cppwinrt</Filter>
    </ClInclude>
    <ClInclude Include="..\..\..\ortc\idl\wrapper\generated\cppwinrt\Org.Ortc.Adapter.RTCPeerConnectionIceEvent.h">
      <Filter>wrapper\generated\cppwinrt</Filter>
    </ClInclude>
    <ClInclude Include="..\..\..\ortc\idl\wrapper\generated\cppwinrt\Org.Ortc.Adapter.RTCSessionDescription.h">
      <Filter>wrapper\generated\cppwinrt</Filter>
    </ClInclude>
    <ClInclude Include="..\..\..\ortc\idl\wrapper\generated\cppwinrt\Org.Ortc.Adapter.RTCSessionDescriptionConnectionData.h">
      <Filter>wrapper\generated\cppwinrt</Filter>
    </ClInclude>
    <ClInclude Include="..\..\..\ortc\idl\wrapper\generated\cppwinrt\Org.Ortc.Adapter.RTCSessionDescriptionConnectionDataDetails.h">
      <Filter>wrapper\generated\cppwinrt</Filter>
    </ClInclude>
    <ClInclude Include="..\..\..\ortc\idl\wrapper\generated\cppwinrt\Org.Ortc.Adapter.RTCSessionDescriptionDescription.h">
      <Filter>wrapper\generated\cppwinrt</Filter>
    </ClInclude>
    <ClInclude Include="..\..\..\ortc\idl\wrapper\generated\cppwinrt\Org.Ortc.Adapter.RTCSessionDescriptionDescriptionDetails.h">
      <Filter>wrapper\generated\cppwinrt</Filter>
    </ClInclude>
    <ClInclude Include="..\..\..\ortc\idl\wrapper\generated\cppwinrt\Org.Ortc.Adapter.RTCSessionDescriptionMediaLine.h">
      <Filter>wrapper\generated\cppwinrt</Filter>
    </ClInclude>
    <ClInclude Include="..\..\..\ortc\idl\wrapper\generated\cppwinrt\Org.Ortc.Adapter.RTCSessionDescriptionMediaLineDetails.h">
      <Filter>wrapper\generated\cppwinrt</Filter>
    </ClInclude>
    <ClInclude Include="..\..\..\ortc\idl\wrapper\generated\cppwinrt\Org.Ortc.Adapter.RTCSessionDescriptionRtpMediaLine.h">
      <Filter>wrapper\generated\cppwinrt</Filter>
    </ClInclude>
    <ClInclude Include="..\..\..\ortc\idl\wrapper\generated\cppwinrt\Org.Ortc.Adapter.RTCSessionDescriptionRtpSender.h">
      <Filter>wrapper\generated\cppwinrt</Filter>
    </ClInclude>
    <ClInclude Include="..\..\..\ortc\idl\wrapper\generated\cppwinrt\Org.Ortc.Adapter.RTCSessionDescriptionRtpSenderDetails.h">
      <Filter>wrapper\generated\cppwinrt</Filter>
    </ClInclude>
    <ClInclude Include="..\..\..\ortc\idl\wrapper\generated\cppwinrt\Org.Ortc.Adapter.RTCSessionDescriptionSctpMediaLine.h">
      <Filter>wrapper\generated\cppwinrt</Filter>
    </ClInclude>
    <ClInclude Include="..\..\..\ortc\idl\wrapper\generated\cppwinrt\Org.Ortc.Adapter.RTCSessionDescriptionTransport.h">
      <Filter>wrapper\generated\cppwinrt</Filter>
    </ClInclude>
    <ClInclude Include="..\..\..\ortc\idl\wrapper\generated\cppwinrt\Org.Ortc.Adapter.RTCSessionDescriptionTransportParameters.h">
      <Filter>wrapper\generated\cppwinrt</Filter>
    </ClInclude>
    <ClInclude Include="..\..\..\ortc\idl\wrapper\generated\cppwinrt\Org.Ortc.Adapter.RTCTrackEvent.h">
      <Filter>wrapper\generated\cppwinrt</Filter>
    </ClInclude>
    <ClInclude Include="..\..\..\ortc\idl\wrapper\generated\cppwinrt\Org.Ortc.ConstrainBoolean.h">
      <Filter>wrapper\generated\cppwinrt</Filter>
    </ClInclude>
    <ClInclude Include="..\..\..\ortc\idl\wrapper\generated\cppwinrt\Org.Ortc.ConstrainBooleanParameters.h">
      <Filter>wrapper\generated\cppwinrt</Filter>
    </ClInclude>
    <ClInclude Include="..\..\..\ortc\idl\wrapper\generated\cppwinrt\Org.Ortc.ConstrainDouble.h">
      <Filter>wrapper\generated\cppwinrt</Filter>
    </ClInclude>
    <ClInclude Include="..\..\..\ortc\idl\wrapper\generated\cppwinrt\Org.Ortc.ConstrainDoubleRange.h">
      <Filter>wrapper\generated\cppwinrt</Filter>
    </ClInclude>
    <ClInclude Include="..\..\..\ortc\idl\wrapper\generated\cppwinrt\Org.Ortc.ConstrainLong.h">
      <Filter>wrapper\generated\cppwinrt</Filter>
    </ClInclude>
    <ClInclude Include="..\..\..\ortc\idl\wrapper\generated\cppwinrt\Org.Ortc.ConstrainLongRange.h">
      <Filter>wrapper\generated\cppwinrt</Filter>
    </ClInclude>
    <ClInclude Include="..\..\..\ortc\idl\wrapper\generated\cppwinrt\Org.Ortc.ConstrainString.h">
      <Filter>wrapper\generated\cppwinrt</Filter>
    </ClInclude>
    <ClInclude Include="..\..\..\ortc\idl\wrapper\generated\cppwinrt\Org.Ortc.ConstrainStringParameters.h">
      <Filter>wrapper\generated\cppwinrt</Filter>
    </ClInclude>
    <ClInclude Include="..\..\..\ortc\idl\wrapper\generated\cppwinrt\Org.Ortc.DoubleRange.h">
      <Filter>wrapper\generated\cppwinrt</Filter>
    </ClInclude>
    <ClInclude Include="..\..\..\ortc\idl\wrapper\generated\cppwinrt\Org.Ortc.Error.h">
      <Filter>wrapper\generated\cppwinrt</Filter>
    </ClInclude>
    <ClInclude Include="..\..\..\ortc\idl\wrapper\generated\cppwinrt\Org.Ortc.ErrorEvent.h">
      <Filter>wrapper\generated\cppwinrt</Filter>
    </ClInclude>
    <ClInclude Include="..\..\..\ortc\idl\wrapper\generated\cppwinrt\Org.Ortc.EventQueue.h">
      <Filter>wrapper\generated\cppwinrt</Filter>
    </ClInclude>
    <ClInclude Include="..\..\..\ortc\idl\wrapper\generated\cppwinrt\Org.Ortc.Json.h">
      <Filter>wrapper\generated\cppwinrt</Filter>
    </ClInclude>
    <ClInclude Include="..\..\..\ortc\idl\wrapper\generated\cppwinrt\Org.Ortc.Logger.h">
      <Filter>wrapper\generated\cppwinrt</Filter>
    </ClInclude>
    <ClInclude Include="..\..\..\ortc\idl\wrapper\generated\cppwinrt\Org.Ortc.LongRange.h">
      <Filter>wrapper\generated\cppwinrt</Filter>
    </ClInclude>
    <ClInclude Include="..\..\..\ortc\idl\wrapper\generated\cppwinrt\Org.Ortc.MediaControl.h">
      <Filter>wrapper\generated\cppwinrt</Filter>
    </ClInclude>
    <ClInclude Include="..\..\..\ortc\idl\wrapper\generated\cppwinrt\Org.Ortc.MediaDeviceInfo.h">
      <Filter>wrapper\generated\cppwinrt</Filter>
    </ClInclude>
    <ClInclude Include="..\..\..\ortc\idl\wrapper\generated\cppwinrt\Org.Ortc.MediaDevices.h">
      <Filter>wrapper\generated\cppwinrt</Filter>
    </ClInclude>
    <ClInclude Include="..\..\..\ortc\idl\wrapper\generated\cppwinrt\Org.Ortc.MediaSource.h">
      <Filter>wrapper\generated\cppwinrt</Filter>
    </ClInclude>
    <ClInclude Include="..\..\..\ortc\idl\wrapper\generated\cppwinrt\Org.Ortc.MediaStreamConstraints.h">
      <Filter>wrapper\generated\cppwinrt</Filter>
    </ClInclude>
    <ClInclude Include="..\..\..\ortc\idl\wrapper\generated\cppwinrt\Org.Ortc.MediaStreamTrack.h">
      <Filter>wrapper\generated\cppwinrt</Filter>
    </ClInclude>
    <ClInclude Include="..\..\..\ortc\idl\wrapper\generated\cppwinrt\Org.Ortc.MediaTrackCapabilities.h">
      <Filter>wrapper\generated\cppwinrt</Filter>
    </ClInclude>
    <ClInclude Include="..\..\..\ortc\idl\wrapper\generated\cppwinrt\Org.Ortc.MediaTrackConstraints.h">
      <Filter>wrapper\generated\cppwinrt</Filter>
    </ClInclude>
    <ClInclude Include="..\..\..\ortc\idl\wrapper\generated\cppwinrt\Org.Ortc.MediaTrackConstraintSet.h">
      <Filter>wrapper\generated\cppwinrt</Filter>
    </ClInclude>
    <ClInclude Include="..\..\..\ortc\idl\wrapper\generated\cppwinrt\Org.Ortc.MediaTrackSettings.h">
      <Filter>wrapper\generated\cppwinrt</Filter>
    </ClInclude>
    <ClInclude Include="..\..\..\ortc\idl\wrapper\generated\cppwinrt\Org.Ortc.MediaTrackSupportedConstraints.h">
      <Filter>wrapper\generated\cppwinrt</Filter>
    </ClInclude>
    <ClInclude Include="..\..\..\ortc\idl\wrapper\generated\cppwinrt\Org.Ortc.OrtcLib.h">
      <Filter>wrapper\generated\cppwinrt</Filter>
    </ClInclude>
    <ClInclude Include="..\..\..\ortc\idl\wrapper\generated\cppwinrt\Org.Ortc.OverconstrainedError.h">
      <Filter>wrapper\generated\cppwinrt</Filter>
    </ClInclude>
    <ClInclude Include="..\..\..\ortc\idl\wrapper\generated\cppwinrt\Org.Ortc.OverconstrainedErrorEvent.h">
      <Filter>wrapper\generated\cppwinrt</Filter>
    </ClInclude>
    <ClInclude Include="..\..\..\ortc\idl\wrapper\generated\cppwinrt\Org.Ortc.RTCCertificate.h">
      <Filter>wrapper\generated\cppwinrt</Filter>
    </ClInclude>
    <ClInclude Include="..\..\..\ortc\idl\wrapper\generated\cppwinrt\Org.Ortc.RTCCertificateStats.h">
      <Filter>wrapper\generated\cppwinrt</Filter>
    </ClInclude>
    <ClInclude Include="..\..\..\ortc\idl\wrapper\generated\cppwinrt\Org.Ortc.RTCCodec.h">
      <Filter>wrapper\generated\cppwinrt</Filter>
    </ClInclude>
    <ClInclude Include="..\..\..\ortc\idl\wrapper\generated\cppwinrt\Org.Ortc.RTCDataChannel.h">
      <Filter>wrapper\generated\cppwinrt</Filter>
    </ClInclude>
    <ClInclude Include="..\..\..\ortc\idl\wrapper\generated\cppwinrt\Org.Ortc.RTCDataChannelEvent.h">
      <Filter>wrapper\generated\cppwinrt</Filter>
    </ClInclude>
    <ClInclude Include="..\..\..\ortc\idl\wrapper\generated\cppwinrt\Org.Ortc.RTCDataChannelParameters.h">
      <Filter>wrapper\generated\cppwinrt</Filter>
    </ClInclude>
    <ClInclude Include="..\..\..\ortc\idl\wrapper\generated\cppwinrt\Org.Ortc.RTCDataChannelStateChangeEvent.h">
      <Filter>wrapper\generated\cppwinrt</Filter>
    </ClInclude>
    <ClInclude Include="..\..\..\ortc\idl\wrapper\generated\cppwinrt\Org.Ortc.RTCDataChannelStats.h">
      <Filter>wrapper\generated\cppwinrt</Filter>
    </ClInclude>
    <ClInclude Include="..\..\..\ortc\idl\wrapper\generated\cppwinrt\Org.Ortc.RTCDataTransport.h">
      <Filter>wrapper\generated\cppwinrt</Filter>
    </ClInclude>
    <ClInclude Include="..\..\..\ortc\idl\wrapper\generated\cppwinrt\Org.Ortc.RTCDtlsCertificateBinary.h">
      <Filter>wrapper\generated\cppwinrt</Filter>
    </ClInclude>
    <ClInclude Include="..\..\..\ortc\idl\wrapper\generated\cppwinrt\Org.Ortc.RTCDtlsFingerprint.h">
      <Filter>wrapper\generated\cppwinrt</Filter>
    </ClInclude>
    <ClInclude Include="..\..\..\ortc\idl\wrapper\generated\cppwinrt\Org.Ortc.RTCDtlsParameters.h">
      <Filter>wrapper\generated\cppwinrt</Filter>
    </ClInclude>
    <ClInclude Include="..\..\..\ortc\idl\wrapper\generated\cppwinrt\Org.Ortc.RTCDtlsTransport.h">
      <Filter>wrapper\generated\cppwinrt</Filter>
    </ClInclude>
    <ClInclude Include="..\..\..\ortc\idl\wrapper\generated\cppwinrt\Org.Ortc.RTCDtlsTransportStateChangeEvent.h">
      <Filter>wrapper\generated\cppwinrt</Filter>
    </ClInclude>
    <ClInclude Include="..\..\..\ortc\idl\wrapper\generated\cppwinrt\Org.Ortc.RTCDtlsTransportStats.h">
      <Filter>wrapper\generated\cppwinrt</Filter>
    </ClInclude>
    <ClInclude Include="..\..\..\ortc\idl\wrapper\generated\cppwinrt\Org.Ortc.RTCDtmfSender.h">
      <Filter>wrapper\generated\cppwinrt</Filter>
    </ClInclude>
    <ClInclude Include="..\..\..\ortc\idl\wrapper\generated\cppwinrt\Org.Ortc.RTCDtmfToneChangeEvent.h">
      <Filter>wrapper\generated\cppwinrt</Filter>
    </ClInclude>
    <ClInclude Include="..\..\..\ortc\idl\wrapper\generated\cppwinrt\Org.Ortc.RTCIceCandidate.h">
      <Filter>wrapper\generated\cppwinrt</Filter>
    </ClInclude>
    <ClInclude Include="..\..\..\ortc\idl\wrapper\generated\cppwinrt\Org.Ortc.RTCIceCandidateAttributes.h">
      <Filter>wrapper\generated\cppwinrt</Filter>
    </ClInclude>
    <ClInclude Include="..\..\..\ortc\idl\wrapper\generated\cppwinrt\Org.Ortc.RTCIceCandidateComplete.h">
      <Filter>wrapper\generated\cppwinrt</Filter>
    </ClInclude>
    <ClInclude Include="..\..\..\ortc\idl\wrapper\generated\cppwinrt\Org.Ortc.RTCIceCandidatePair.h">
      <Filter>wrapper\generated\cppwinrt</Filter>
    </ClInclude>
    <ClInclude Include="..\..\..\ortc\idl\wrapper\generated\cppwinrt\Org.Ortc.RTCIceCandidatePairChangeEvent.h">
      <Filter>wrapper\generated\cppwinrt</Filter>
    </ClInclude>
    <ClInclude Include="..\..\..\ortc\idl\wrapper\generated\cppwinrt\Org.Ortc.RTCIceCandidatePairStats.h">
      <Filter>wrapper\generated\cppwinrt</Filter>
    </ClInclude>
    <ClInclude Include="..\..\..\ortc\idl\wrapper\generated\cppwinrt\Org.Ortc.RTCIceGatherer.h">
      <Filter>wrapper\generated\cppwinrt</Filter>
    </ClInclude>
    <ClInclude Include="..\..\..\ortc\idl\wrapper\generated\cppwinrt\Org.Ortc.RTCIceGathererCandidate.h">
      <Filter>wrapper\generated\cppwinrt</Filter>
    </ClInclude>
    <ClInclude Include="..\..\..\ortc\idl\wrapper\generated\cppwinrt\Org.Ortc.RTCIceGathererCandidateCompleteEvent.h">
      <Filter>wrapper\generated\cppwinrt</Filter>
    </ClInclude>
    <ClInclude Include="..\..\..\ortc\idl\wrapper\generated\cppwinrt\Org.Ortc.RTCIceGathererCandidateEvent.h">
      <Filter>wrapper\generated\cppwinrt</Filter>
    </ClInclude>
    <ClInclude Include="..\..\..\ortc\idl\wrapper\generated\cppwinrt\Org.Ortc.RTCIceGathererIceErrorEvent.h">
      <Filter>wrapper\generated\cppwinrt</Filter>
    </ClInclude>
    <ClInclude Include="..\..\..\ortc\idl\wrapper\generated\cppwinrt\Org.Ortc.RTCIceGathererStateChangeEvent.h">
      <Filter>wrapper\generated\cppwinrt</Filter>
    </ClInclude>
    <ClInclude Include="..\..\..\ortc\idl\wrapper\generated\cppwinrt\Org.Ortc.RTCIceGathererStats.h">
      <Filter>wrapper\generated\cppwinrt</Filter>
    </ClInclude>
    <ClInclude Include="..\..\..\ortc\idl\wrapper\generated\cppwinrt\Org.Ortc.RTCIceGatherInterfacePolicy.h">
      <Filter>wrapper\generated\cppwinrt</Filter>
    </ClInclude>
    <ClInclude Include="..\..\..\ortc\idl\wrapper\generated\cppwinrt\Org.Ortc.RTCIceGatherOptions.h">
      <Filter>wrapper\generated\cppwinrt</Filter>
    </ClInclude>
    <ClInclude Include="..\..\..\ortc\idl\wrapper\generated\cppwinrt\Org.Ortc.RTCIceParameters.h">
      <Filter>wrapper\generated\cppwinrt</Filter>
    </ClInclude>
    <ClInclude Include="..\..\..\ortc\idl\wrapper\generated\cppwinrt\Org.Ortc.RTCIceServer.h">
      <Filter>wrapper\generated\cppwinrt</Filter>
    </ClInclude>
    <ClInclude Include="..\..\..\ortc\idl\wrapper\generated\cppwinrt\Org.Ortc.RTCIceTransport.h">
      <Filter>wrapper\generated\cppwinrt</Filter>
    </ClInclude>
    <ClInclude Include="..\..\..\ortc\idl\wrapper\generated\cppwinrt\Org.Ortc.RTCIceTransportController.h">
      <Filter>wrapper\generated\cppwinrt</Filter>
    </ClInclude>
    <ClInclude Include="..\..\..\ortc\idl\wrapper\generated\cppwinrt\Org.Ortc.RTCIceTransportOptions.h">
      <Filter>wrapper\generated\cppwinrt</Filter>
    </ClInclude>
    <ClInclude Include="..\..\..\ortc\idl\wrapper\generated\cppwinrt\Org.Ortc.RTCIceTransportStateChangeEvent.h">
      <Filter>wrapper\generated\cppwinrt</Filter>
    </ClInclude>
    <ClInclude Include="..\..\..\ortc\idl\wrapper\generated\cppwinrt\Org.Ortc.RTCIceTransportStats.h">
      <Filter>wrapper\generated\cppwinrt</Filter>
    </ClInclude>
    <ClInclude Include="..\..\..\ortc\idl\wrapper\generated\cppwinrt\Org.Ortc.RTCIdentity.h">
      <Filter>wrapper\generated\cppwinrt</Filter>
    </ClInclude>
    <ClInclude Include="..\..\..\ortc\idl\wrapper\generated\cppwinrt\Org.Ortc.RTCIdentityAssertion.h">
      <Filter>wrapper\generated\cppwinrt</Filter>
    </ClInclude>
    <ClInclude Include="..\..\..\ortc\idl\wrapper\generated\cppwinrt\Org.Ortc.RTCIdentityError.h">
      <Filter>wrapper\generated\cppwinrt</Filter>
    </ClInclude>
    <ClInclude Include="..\..\..\ortc\idl\wrapper\generated\cppwinrt\Org.Ortc.RTCIdentityResult.h">
      <Filter>wrapper\generated\cppwinrt</Filter>
    </ClInclude>
    <ClInclude Include="..\..\..\ortc\idl\wrapper\generated\cppwinrt\Org.Ortc.RTCInboundRtpStreamStats.h">
      <Filter>wrapper\generated\cppwinrt</Filter>
    </ClInclude>
    <ClInclude Include="..\..\..\ortc\idl\wrapper\generated\cppwinrt\Org.Ortc.RTCMediaStreamStats.h">
      <Filter>wrapper\generated\cppwinrt</Filter>
    </ClInclude>
    <ClInclude Include="..\..\..\ortc\idl\wrapper\generated\cppwinrt\Org.Ortc.RTCMediaStreamTrackStats.h">
      <Filter>wrapper\generated\cppwinrt</Filter>
    </ClInclude>
    <ClInclude Include="..\..\..\ortc\idl\wrapper\generated\cppwinrt\Org.Ortc.RTCMessageEvent.h">
      <Filter>wrapper\generated\cppwinrt</Filter>
    </ClInclude>
    <ClInclude Include="..\..\..\ortc\idl\wrapper\generated\cppwinrt\Org.Ortc.RTCOutboundRtpStreamStats.h">
      <Filter>wrapper\generated\cppwinrt</Filter>
    </ClInclude>
    <ClInclude Include="..\..\..\ortc\idl\wrapper\generated\cppwinrt\Org.Ortc.RTCRtcpFeedback.h">
      <Filter>wrapper\generated\cppwinrt</Filter>
    </ClInclude>
    <ClInclude Include="..\..\..\ortc\idl\wrapper\generated\cppwinrt\Org.Ortc.RTCRtcpParameters.h">
      <Filter>wrapper\generated\cppwinrt</Filter>
    </ClInclude>
    <ClInclude Include="..\..\..\ortc\idl\wrapper\generated\cppwinrt\Org.Ortc.RTCRtcpTransport.h">
      <Filter>wrapper\generated\cppwinrt</Filter>
    </ClInclude>
    <ClInclude Include="..\..\..\ortc\idl\wrapper\generated\cppwinrt\Org.Ortc.RTCRtpCapabilities.h">
      <Filter>wrapper\generated\cppwinrt</Filter>
    </ClInclude>
    <ClInclude Include="..\..\..\ortc\idl\wrapper\generated\cppwinrt\Org.Ortc.RTCRtpCodecCapability.h">
      <Filter>wrapper\generated\cppwinrt</Filter>
    </ClInclude>
    <ClInclude Include="..\..\..\ortc\idl\wrapper\generated\cppwinrt\Org.Ortc.RTCRtpCodecCapabilityOptions.h">
      <Filter>wrapper\generated\cppwinrt</Filter>
    </ClInclude>
    <ClInclude Include="..\..\..\ortc\idl\wrapper\generated\cppwinrt\Org.Ortc.RTCRtpCodecCapabilityParameters.h">
      <Filter>wrapper\generated\cppwinrt</Filter>
    </ClInclude>
    <ClInclude Include="..\..\..\ortc\idl\wrapper\generated\cppwinrt\Org.Ortc.RTCRtpCodecParameters.h">
      <Filter>wrapper\generated\cppwinrt</Filter>
    </ClInclude>
    <ClInclude Include="..\..\..\ortc\idl\wrapper\generated\cppwinrt\Org.Ortc.RTCRtpCodecParameterSettings.h">
      <Filter>wrapper\generated\cppwinrt</Filter>
    </ClInclude>
    <ClInclude Include="..\..\..\ortc\idl\wrapper\generated\cppwinrt\Org.Ortc.RTCRtpContributingSource.h">
      <Filter>wrapper\generated\cppwinrt</Filter>
    </ClInclude>
    <ClInclude Include="..\..\..\ortc\idl\wrapper\generated\cppwinrt\Org.Ortc.RTCRtpEncodingParameters.h">
      <Filter>wrapper\generated\cppwinrt</Filter>
    </ClInclude>
    <ClInclude Include="..\..\..\ortc\idl\wrapper\generated\cppwinrt\Org.Ortc.RTCRtpFecParameters.h">
      <Filter>wrapper\generated\cppwinrt</Filter>
    </ClInclude>
    <ClInclude Include="..\..\..\ortc\idl\wrapper\generated\cppwinrt\Org.Ortc.RTCRtpFlexFecCodecCapabilityParameters.h">
      <Filter>wrapper\generated\cppwinrt</Filter>
    </ClInclude>
    <ClInclude Include="..\..\..\ortc\idl\wrapper\generated\cppwinrt\Org.Ortc.RTCRtpFlexFecCodecParameterSettings.h">
      <Filter>wrapper\generated\cppwinrt</Filter>
    </ClInclude>
    <ClInclude Include="..\..\..\ortc\idl\wrapper\generated\cppwinrt\Org.Ortc.RTCRtpH264CodecCapabilityParameters.h">
      <Filter>wrapper\generated\cppwinrt</Filter>
    </ClInclude>
    <ClInclude Include="..\..\..\ortc\idl\wrapper\generated\cppwinrt\Org.Ortc.RTCRtpH264CodecParameterSettings.h">
      <Filter>wrapper\generated\cppwinrt</Filter>
    </ClInclude>
    <ClInclude Include="..\..\..\ortc\idl\wrapper\generated\cppwinrt\Org.Ortc.RTCRtpHeaderExtension.h">
      <Filter>wrapper\generated\cppwinrt</Filter>
    </ClInclude>
    <ClInclude Include="..\..\..\ortc\idl\wrapper\generated\cppwinrt\Org.Ortc.RTCRtpHeaderExtensionParameters.h">
      <Filter>wrapper\generated\cppwinrt</Filter>
    </ClInclude>
    <ClInclude Include="..\..\..\ortc\idl\wrapper\generated\cppwinrt\Org.Ortc.RTCRtpListener.h">
      <Filter>wrapper\generated\cppwinrt</Filter>
    </ClInclude>
    <ClInclude Include="..\..\..\ortc\idl\wrapper\generated\cppwinrt\Org.Ortc.RTCRtpOpusCodecCapabilityOptions.h">
      <Filter>wrapper\generated\cppwinrt</Filter>
    </ClInclude>
    <ClInclude Include="..\..\..\ortc\idl\wrapper\generated\cppwinrt\Org.Ortc.RTCRtpOpusCodecCapabilityParameters.h">
      <Filter>wrapper\generated\cppwinrt</Filter>
    </ClInclude>
    <ClInclude Include="..\..\..\ortc\idl\wrapper\generated\cppwinrt\Org.Ortc.RTCRtpOpusCodecParameterSettings.h">
      <Filter>wrapper\generated\cppwinrt</Filter>
    </ClInclude>
    <ClInclude Include="..\..\..\ortc\idl\wrapper\generated\cppwinrt\Org.Ortc.RTCRtpParameters.h">
      <Filter>wrapper\generated\cppwinrt</Filter>
    </ClInclude>
    <ClInclude Include="..\..\..\ortc\idl\wrapper\generated\cppwinrt\Org.Ortc.RTCRtpReceiver.h">
      <Filter>wrapper\generated\cppwinrt</Filter>
    </ClInclude>
    <ClInclude Include="..\..\..\ortc\idl\wrapper\generated\cppwinrt\Org.Ortc.RTCRtpRedCodecParameterSettings.h">
      <Filter>wrapper\generated\cppwinrt</Filter>
    </ClInclude>
    <ClInclude Include="..\..\..\ortc\idl\wrapper\generated\cppwinrt\Org.Ortc.RTCRtpRtxCodecCapabilityParameters.h">
      <Filter>wrapper\generated\cppwinrt</Filter>
    </ClInclude>
    <ClInclude Include="..\..\..\ortc\idl\wrapper\generated\cppwinrt\Org.Ortc.RTCRtpRtxCodecParameterSettings.h">
      <Filter>wrapper\generated\cppwinrt</Filter>
    </ClInclude>
    <ClInclude Include="..\..\..\ortc\idl\wrapper\generated\cppwinrt\Org.Ortc.RTCRtpRtxParameters.h">
      <Filter>wrapper\generated\cppwinrt</Filter>
    </ClInclude>
    <ClInclude Include="..\..\..\ortc\idl\wrapper\generated\cppwinrt\Org.Ortc.RTCRtpSender.h">
      <Filter>wrapper\generated\cppwinrt</Filter>
    </ClInclude>
    <ClInclude Include="..\..\..\ortc\idl\wrapper\generated\cppwinrt\Org.Ortc.RTCRtpStreamStats.h">
      <Filter>wrapper\generated\cppwinrt</Filter>
    </ClInclude>
    <ClInclude Include="..\..\..\ortc\idl\wrapper\generated\cppwinrt\Org.Ortc.RTCRtpTransport.h">
      <Filter>wrapper\generated\cppwinrt</Filter>
    </ClInclude>
    <ClInclude Include="..\..\..\ortc\idl\wrapper\generated\cppwinrt\Org.Ortc.RTCRtpUnhandledEvent.h">
      <Filter>wrapper\generated\cppwinrt</Filter>
    </ClInclude>
    <ClInclude Include="..\..\..\ortc\idl\wrapper\generated\cppwinrt\Org.Ortc.RTCRtpVp8CodecCapabilityParameters.h">
      <Filter>wrapper\generated\cppwinrt</Filter>
    </ClInclude>
    <ClInclude Include="..\..\..\ortc\idl\wrapper\generated\cppwinrt\Org.Ortc.RTCRtpVp8CodecParameterSettings.h">
      <Filter>wrapper\generated\cppwinrt</Filter>
    </ClInclude>
    <ClInclude Include="..\..\..\ortc\idl\wrapper\generated\cppwinrt\Org.Ortc.RTCSctpCapabilities.h">
      <Filter>wrapper\generated\cppwinrt</Filter>
    </ClInclude>
    <ClInclude Include="..\..\..\ortc\idl\wrapper\generated\cppwinrt\Org.Ortc.RTCSctpTransport.h">
      <Filter>wrapper\generated\cppwinrt</Filter>
    </ClInclude>
    <ClInclude Include="..\..\..\ortc\idl\wrapper\generated\cppwinrt\Org.Ortc.RTCSctpTransportListener.h">
      <Filter>wrapper\generated\cppwinrt</Filter>
    </ClInclude>
    <ClInclude Include="..\..\..\ortc\idl\wrapper\generated\cppwinrt\Org.Ortc.RTCSctpTransportListenerEvent.h">
      <Filter>wrapper\generated\cppwinrt</Filter>
    </ClInclude>
    <ClInclude Include="..\..\..\ortc\idl\wrapper\generated\cppwinrt\Org.Ortc.RTCSctpTransportStateChangeEvent.h">
      <Filter>wrapper\generated\cppwinrt</Filter>
    </ClInclude>
    <ClInclude Include="..\..\..\ortc\idl\wrapper\generated\cppwinrt\Org.Ortc.RTCSctpTransportStats.h">
      <Filter>wrapper\generated\cppwinrt</Filter>
    </ClInclude>
    <ClInclude Include="..\..\..\ortc\idl\wrapper\generated\cppwinrt\Org.Ortc.RTCSrtpSdesCryptoParameters.h">
      <Filter>wrapper\generated\cppwinrt</Filter>
    </ClInclude>
    <ClInclude Include="..\..\..\ortc\idl\wrapper\generated\cppwinrt\Org.Ortc.RTCSrtpSdesKeyParameters.h">
      <Filter>wrapper\generated\cppwinrt</Filter>
    </ClInclude>
    <ClInclude Include="..\..\..\ortc\idl\wrapper\generated\cppwinrt\Org.Ortc.RTCSrtpSdesParameters.h">
      <Filter>wrapper\generated\cppwinrt</Filter>
    </ClInclude>
    <ClInclude Include="..\..\..\ortc\idl\wrapper\generated\cppwinrt\Org.Ortc.RTCSrtpSdesTransport.h">
      <Filter>wrapper\generated\cppwinrt</Filter>
    </ClInclude>
    <ClInclude Include="..\..\..\ortc\idl\wrapper\generated\cppwinrt\Org.Ortc.RTCSrtpSdesTransportLifetimeRemainingEvent.h">
      <Filter>wrapper\generated\cppwinrt</Filter>
    </ClInclude>
    <ClInclude Include="..\..\..\ortc\idl\wrapper\generated\cppwinrt\Org.Ortc.RTCSrtpTransportStats.h">
      <Filter>wrapper\generated\cppwinrt</Filter>
    </ClInclude>
    <ClInclude Include="..\..\..\ortc\idl\wrapper\generated\cppwinrt\Org.Ortc.RTCSsrcConflictEvent.h">
      <Filter>wrapper\generated\cppwinrt</Filter>
    </ClInclude>
    <ClInclude Include="..\..\..\ortc\idl\wrapper\generated\cppwinrt\Org.Ortc.RTCStats.h">
      <Filter>wrapper\generated\cppwinrt</Filter>
    </ClInclude>
    <ClInclude Include="..\..\..\ortc\idl\wrapper\generated\cppwinrt\Org.Ortc.RTCStatsProvider.h">
      <Filter>wrapper\generated\cppwinrt</Filter>
    </ClInclude>
    <ClInclude Include="..\..\..\ortc\idl\wrapper\generated\cppwinrt\Org.Ortc.RTCStatsReport.h">
      <Filter>wrapper\generated\cppwinrt</Filter>
    </ClInclude>
    <ClInclude Include="..\..\..\ortc\idl\wrapper\generated\cppwinrt\Org.Ortc.RTCStatsTypeSet.h">
      <Filter>wrapper\generated\cppwinrt</Filter>
    </ClInclude>
    <ClInclude Include="..\..\..\ortc\idl\wrapper\generated\cppwinrt\Org.Ortc.Settings.h">
      <Filter>wrapper\generated\cppwinrt</Filter>
    </ClInclude>
    <ClInclude Include="..\..\..\ortc\idl\wrapper\generated\cppwinrt\Org.Ortc.StringOrStringList.h">
      <Filter>wrapper\generated\cppwinrt</Filter>
    </ClInclude>
    <ClInclude Include="..\..\..\ortc\idl\wrapper\generated\cppwinrt\types.h">
      <Filter>wrapper\generated\cppwinrt</Filter>
    </ClInclude>
    <ClInclude Include="..\..\..\ortc\idl\wrapper\override\cppwinrt\Org.Ortc.EventQueueMaker.h">
      <Filter>wrapper\override\cppwinrt</Filter>
    </ClInclude>
    <ClInclude Include="..\..\..\ortc\idl\wrapper\generated\cppwinrt\Org.Ortc.EventQueueMaker.h">
      <Filter>wrapper\generated\cppwinrt</Filter>
    </ClInclude>
  </ItemGroup>
  <ItemGroup>
    <None Include="Ortc.def" />
    <None Include="..\..\..\ortc\idl\wrapper\generated\msidl\Org.Ortc.EventQueue.idl.template">
      <Filter>wrapper\generated\msidl</Filter>
    </None>
    <None Include="..\..\..\ortc\idl\wrapper\generated\msidl\Org.Ortc.MediaControl.idl.template">
      <Filter>wrapper\generated\msidl</Filter>
    </None>
    <None Include="..\..\..\ortc\idl\wrapper\generated\msidl\Org.Ortc.MediaSource.idl.template">
      <Filter>wrapper\generated\msidl</Filter>
    </None>
    <None Include="..\..\..\ortc\idl\wrapper\generated\msidl\Org.Ortc.EventQueueMaker.idl.template">
      <Filter>wrapper\generated\msidl</Filter>
    </None>
  </ItemGroup>
  <ItemGroup>
    <Text Include="readme.txt" />
  </ItemGroup>
  <ItemGroup>
    <Midl Include="..\..\..\ortc\idl\wrapper\override\msidl\Org.Ortc.EventQueue.idl">
      <Filter>wrapper\override\msidl</Filter>
    </Midl>
    <Midl Include="..\..\..\ortc\idl\wrapper\override\msidl\Org.Ortc.MediaControl.idl">
      <Filter>wrapper\override\msidl</Filter>
    </Midl>
    <Midl Include="..\..\..\ortc\idl\wrapper\override\msidl\Org.Ortc.MediaSource.idl">
      <Filter>wrapper\override\msidl</Filter>
    </Midl>
    <Midl Include="..\..\..\ortc\idl\wrapper\generated\msidl\output.idl">
      <Filter>wrapper\generated\msidl</Filter>
    </Midl>
    <Midl Include="..\..\..\ortc\idl\wrapper\override\msidl\Org.Ortc.EventQueueMaker.idl">
      <Filter>wrapper\override\msidl</Filter>
    </Midl>
  </ItemGroup>
</Project>